
Microsoft Visual Studio Solution File, Format Version 11.00
# Visual Studio 2010
Project("{FAE04EC0-301F-11D3-BF4B-00C04F79EFBC}") = "Assembly-CSharp", "Assembly-CSharp.csproj", "{7ecff4e8-0fcd-90bb-39de-ae7d00d17a9a}"
EndProject
Project("{FAE04EC0-301F-11D3-BF4B-00C04F79EFBC}") = "Unity.Mathematics", "Unity.Mathematics.csproj", "{10fbc19e-6b20-564b-d46c-b58bd46c8ad9}"
EndProject
Project("{FAE04EC0-301F-11D3-BF4B-00C04F79EFBC}") = "Unity.2D.Psdimporter.Editor", "Unity.2D.Psdimporter.Editor.csproj", "{c1aa39b6-61c6-854f-f185-7c4112c21327}"
EndProject
Project("{FAE04EC0-301F-11D3-BF4B-00C04F79EFBC}") = "Unity.RenderPipelines.Universal.Editor", "Unity.RenderPipelines.Universal.Editor.csproj", "{f11c5a5a-fc6e-0dd3-e2f1-4fbea79903af}"
EndProject
Project("{FAE04EC0-301F-11D3-BF4B-00C04F79EFBC}") = "Unity.RenderPipelines.Core.Editor", "Unity.RenderPipelines.Core.Editor.csproj", "{324a29ab-88f9-dbe7-cfbf-3d1315e34651}"
EndProject
Project("{FAE04EC0-301F-11D3-BF4B-00C04F79EFBC}") = "Unity.PlayableGraphVisualizer.Editor", "Unity.PlayableGraphVisualizer.Editor.csproj", "{e201e9e8-211d-8cec-720f-0cece483e82d}"
EndProject
Project("{FAE04EC0-301F-11D3-BF4B-00C04F79EFBC}") = "Unity.Timeline.Editor", "Unity.Timeline.Editor.csproj", "{698e6c79-10f4-1fee-defa-92777a8cb779}"
EndProject
Project("{FAE04EC0-301F-11D3-BF4B-00C04F79EFBC}") = "VoxelBusters.EssentialKit.SimulatorModule", "VoxelBusters.EssentialKit.SimulatorModule.csproj", "{009350e0-501d-97c8-15b1-e790d399432b}"
EndProject
Project("{FAE04EC0-301F-11D3-BF4B-00C04F79EFBC}") = "VoxelBusters.EssentialKit", "VoxelBusters.EssentialKit.csproj", "{323e3ae4-6d47-1b28-2757-54a07f8eac90}"
EndProject
Project("{FAE04EC0-301F-11D3-BF4B-00C04F79EFBC}") = "UnityEngine.UI", "UnityEngine.UI.csproj", "{392a04c3-b716-1829-c236-1c7eb7ed54e2}"
EndProject
Project("{FAE04EC0-301F-11D3-BF4B-00C04F79EFBC}") = "Unity.RenderPipelines.Universal.Editor.Tests", "Unity.RenderPipelines.Universal.Editor.Tests.csproj", "{726b3b64-e5e5-c636-4f8b-7eddd34d4502}"
EndProject
Project("{FAE04EC0-301F-11D3-BF4B-00C04F79EFBC}") = "VoxelBusters.EssentialKit.AndroidModule", "VoxelBusters.EssentialKit.AndroidModule.csproj", "{67ac2bdf-405e-45a2-598f-99428d7599ef}"
EndProject
Project("{FAE04EC0-301F-11D3-BF4B-00C04F79EFBC}") = "VoxelBusters.CoreLibrary.Editor.NativePlugins", "VoxelBusters.CoreLibrary.Editor.NativePlugins.csproj", "{d7834f84-e564-e326-46e6-d4fab5cff3d2}"
EndProject
Project("{FAE04EC0-301F-11D3-BF4B-00C04F79EFBC}") = "VoxelBusters.EssentialKit.iOSModule", "VoxelBusters.EssentialKit.iOSModule.csproj", "{e4890ffb-6f97-1f7b-b567-7fcf571589f6}"
EndProject
Project("{FAE04EC0-301F-11D3-BF4B-00C04F79EFBC}") = "Unity.RenderPipelines.Universal.Runtime", "Unity.RenderPipelines.Universal.Runtime.csproj", "{a718a664-0d4c-c33a-1bc7-98c20c8bf76d}"
EndProject
Project("{FAE04EC0-301F-11D3-BF4B-00C04F79EFBC}") = "Unity.InputSystem", "Unity.InputSystem.csproj", "{4f52cb0c-706e-20c8-d164-2dd2760f5b4c}"
EndProject
Project("{FAE04EC0-301F-11D3-BF4B-00C04F79EFBC}") = "PPv2URPConverters", "PPv2URPConverters.csproj", "{5f1e69f9-cfe3-9aad-2c26-4cb632292f96}"
EndProject
Project("{FAE04EC0-301F-11D3-BF4B-00C04F79EFBC}") = "SingularityGroup.HotReload.Editor", "SingularityGroup.HotReload.Editor.csproj", "{6ed1e14e-4912-a666-e9f5-9ee5b98041dd}"
EndProject
Project("{FAE04EC0-301F-11D3-BF4B-00C04F79EFBC}") = "VoxelBusters.EssentialKit.Editor", "VoxelBusters.EssentialKit.Editor.csproj", "{6413ebec-c331-ca32-a9c3-86ae2c98fb04}"
EndProject
Project("{FAE04EC0-301F-11D3-BF4B-00C04F79EFBC}") = "Unity.TextMeshPro", "Unity.TextMeshPro.csproj", "{a0f976ad-28af-b4fc-d8c6-b6aefb928b62}"
EndProject
Project("{FAE04EC0-301F-11D3-BF4B-00C04F79EFBC}") = "Unity.RenderPipelines.Core.Runtime", "Unity.RenderPipelines.Core.Runtime.csproj", "{2597db44-7add-1270-cce0-9dd1cf03daf2}"
EndProject
Project("{FAE04EC0-301F-11D3-BF4B-00C04F79EFBC}") = "VoxelBusters.EssentialKit.Demo", "VoxelBusters.EssentialKit.Demo.csproj", "{8fed6af4-b983-0b71-142c-db469ed1b89e}"
EndProject
Project("{FAE04EC0-301F-11D3-BF4B-00C04F79EFBC}") = "VoxelBusters.CoreLibrary.NativePlugins", "VoxelBusters.CoreLibrary.NativePlugins.csproj", "{ee190149-6219-6266-5bac-9945bf2ac370}"
EndProject
Project("{FAE04EC0-301F-11D3-BF4B-00C04F79EFBC}") = "PsdPlugin", "PsdPlugin.csproj", "{bd508879-09fa-0815-fb56-c2ac5bbb5ed3}"
EndProject
Project("{FAE04EC0-301F-11D3-BF4B-00C04F79EFBC}") = "Unity.2D.IK.Editor", "Unity.2D.IK.Editor.csproj", "{179a0bfb-7542-b308-182b-c5d409a263fc}"
EndProject
Project("{FAE04EC0-301F-11D3-BF4B-00C04F79EFBC}") = "UnityEngine.UI.Tests", "UnityEngine.UI.Tests.csproj", "{5526efdb-fff2-ce7c-598e-9ed4c1e721f6}"
EndProject
Project("{FAE04EC0-301F-11D3-BF4B-00C04F79EFBC}") = "VoxelBusters.CoreLibrary", "VoxelBusters.CoreLibrary.csproj", "{acdf488f-22d8-9b12-72c7-34a5e168feaa}"
EndProject
Project("{FAE04EC0-301F-11D3-BF4B-00C04F79EFBC}") = "Assembly-CSharp-Editor", "Assembly-CSharp-Editor.csproj", "{b9e7a75b-8865-efb1-841c-2893d98bb11a}"
EndProject
Project("{FAE04EC0-301F-11D3-BF4B-00C04F79EFBC}") = "Unity.RenderPipelines.GPUDriven.Runtime", "Unity.RenderPipelines.GPUDriven.Runtime.csproj", "{1080643c-a11e-889d-9071-e08a4fb792e0}"
EndProject
Project("{FAE04EC0-301F-11D3-BF4B-00C04F79EFBC}") = "Unity.RenderPipelines.Universal.2D.Runtime", "Unity.RenderPipelines.Universal.2D.Runtime.csproj", "{f917484d-5ac6-9491-ea20-8ce7e0a04b4d}"
EndProject
Project("{FAE04EC0-301F-11D3-BF4B-00C04F79EFBC}") = "Unity.TextMeshPro.Editor", "Unity.TextMeshPro.Editor.csproj", "{ca74c4c7-9882-0259-8ee7-cd2bbcd55e03}"
EndProject
Project("{FAE04EC0-301F-11D3-BF4B-00C04F79EFBC}") = "Unity.2D.Animation.Editor", "Unity.2D.Animation.Editor.csproj", "{c1259cd9-f8c8-beee-093c-b27b858c3bc7}"
EndProject
Project("{FAE04EC0-301F-11D3-BF4B-00C04F79EFBC}") = "Unity.Timeline", "Unity.Timeline.csproj", "{8b11d97e-1cdc-8b6e-820d-ef8ea01878ab}"
EndProject
Project("{FAE04EC0-301F-11D3-BF4B-00C04F79EFBC}") = "Unity.Mathematics.Tests", "Unity.Mathematics.Tests.csproj", "{0f38ef40-9c93-da80-13b1-2b255937e412}"
EndProject
Project("{FAE04EC0-301F-11D3-BF4B-00C04F79EFBC}") = "UnityEditor.UI", "UnityEditor.UI.csproj", "{bb6fa161-a48d-25ef-0a76-abb832cf8c94}"
EndProject
Project("{FAE04EC0-301F-11D3-BF4B-00C04F79EFBC}") = "Unity.RenderPipelines.Core.Editor.Tests", "Unity.RenderPipelines.Core.Editor.Tests.csproj", "{7545703e-4ee9-fc74-72cb-3208c128d102}"
EndProject
Project("{FAE04EC0-301F-11D3-BF4B-00C04F79EFBC}") = "Assembly-CSharp-firstpass", "Assembly-CSharp-firstpass.csproj", "{281badbf-cb3f-656a-0da3-9fce5d02c942}"
EndProject
Project("{FAE04EC0-301F-11D3-BF4B-00C04F79EFBC}") = "UnityEditor.UI.EditorTests", "UnityEditor.UI.EditorTests.csproj", "{b41e7aae-aa32-271f-5dfb-7f363dd711eb}"
EndProject
Project("{FAE04EC0-301F-11D3-BF4B-00C04F79EFBC}") = "VoxelBusters.CoreLibrary.Editor", "VoxelBusters.CoreLibrary.Editor.csproj", "{1b4beb61-0970-6475-7acc-db823d1ce5c0}"
EndProject
Project("{FAE04EC0-301F-11D3-BF4B-00C04F79EFBC}") = "Unity.2D.Tilemap.Extras.Editor", "Unity.2D.Tilemap.Extras.Editor.csproj", "{d851b5aa-fb9d-71ee-68e4-501d41a803d8}"
EndProject
Project("{FAE04EC0-301F-11D3-BF4B-00C04F79EFBC}") = "CFXRRuntime", "CFXRRuntime.csproj", "{bbd26800-f16d-2eb7-057f-f42e490ab2b9}"
EndProject
Project("{FAE04EC0-301F-11D3-BF4B-00C04F79EFBC}") = "Unity.2D.Tilemap.Extras", "Unity.2D.Tilemap.Extras.csproj", "{c30ac4d3-c174-fc86-f643-c802dfc4a6a4}"
EndProject
Project("{FAE04EC0-301F-11D3-BF4B-00C04F79EFBC}") = "Unity.2D.Animation.Runtime", "Unity.2D.Animation.Runtime.csproj", "{2e3fa7a3-9a26-f170-fe65-270a3af7077b}"
EndProject
Project("{FAE04EC0-301F-11D3-BF4B-00C04F79EFBC}") = "VoxelBusters.CoreLibrary.Editor.Experimental", "VoxelBusters.CoreLibrary.Editor.Experimental.csproj", "{066da437-0e0b-e6ed-0ea3-9b0de8e664d2}"
EndProject
Project("{FAE04EC0-301F-11D3-BF4B-00C04F79EFBC}") = "DocCodeExamples", "DocCodeExamples.csproj", "{855dc4aa-bd15-1575-537a-954c2a7de015}"
EndProject
Project("{FAE04EC0-301F-11D3-BF4B-00C04F79EFBC}") = "Unity.2D.IK.Runtime", "Unity.2D.IK.Runtime.csproj", "{ebfe9c4d-6b89-a9c7-3d56-a939ee83528a}"
EndProject
Project("{FAE04EC0-301F-11D3-BF4B-00C04F79EFBC}") = "CFXREditor", "CFXREditor.csproj", "{cbdef23e-05cd-7ed3-42b5-bfe58091e197}"
EndProject
Project("{FAE04EC0-301F-11D3-BF4B-00C04F79EFBC}") = "SingularityGroup.HotReload.Runtime", "SingularityGroup.HotReload.Runtime.csproj", "{417649d5-30b1-d422-c6f9-499bf007df17}"
EndProject
Project("{FAE04EC0-301F-11D3-BF4B-00C04F79EFBC}") = "Unity.InputSystem.TestFramework", "Unity.InputSystem.TestFramework.csproj", "{72eae012-07db-224b-9248-37fc93e9a742}"
EndProject
Project("{FAE04EC0-301F-11D3-BF4B-00C04F79EFBC}") = "VoxelBusters.CoreLibrary.NativePlugins.AndroidModule", "VoxelBusters.CoreLibrary.NativePlugins.AndroidModule.csproj", "{08707d11-19b0-f707-fcc8-54cd7b265d5c}"
EndProject
Project("{FAE04EC0-301F-11D3-BF4B-00C04F79EFBC}") = "Unity.RenderPipelines.Universal.Runtime.Tests", "Unity.RenderPipelines.Universal.Runtime.Tests.csproj", "{d08db827-b508-5607-30e7-fc9866d6fc0f}"
EndProject
Project("{FAE04EC0-301F-11D3-BF4B-00C04F79EFBC}") = "Unity.Mathematics.Editor", "Unity.Mathematics.Editor.csproj", "{bd5d3adf-c517-32bd-1e3c-34e77c0c9c37}"
EndProject
Project("{FAE04EC0-301F-11D3-BF4B-00C04F79EFBC}") = "Unity.2D.Tilemap.Extras.Placeholder.EditorTests", "Unity.2D.Tilemap.Extras.Placeholder.EditorTests.csproj", "{6ac5c207-01ff-62c3-7bf4-fa643452c7f2}"
EndProject
Project("{FAE04EC0-301F-11D3-BF4B-00C04F79EFBC}") = "CFXRDemo", "CFXRDemo.csproj", "{3c226d42-0e06-6868-4003-89fc303fcdc7}"
EndProject
Project("{FAE04EC0-301F-11D3-BF4B-00C04F79EFBC}") = "SingularityGroup.HotReload.Runtime.Public", "SingularityGroup.HotReload.Runtime.Public.csproj", "{13d58cce-90c4-fb41-8a56-f28829ce0574}"
EndProject
Project("{FAE04EC0-301F-11D3-BF4B-00C04F79EFBC}") = "Unity.RenderPipelines.Core.Runtime.Tests", "Unity.RenderPipelines.Core.Runtime.Tests.csproj", "{c229d3cf-ae0b-a61a-a868-6b9b4c460ffe}"
EndProject
Project("{FAE04EC0-301F-11D3-BF4B-00C04F79EFBC}") = "Unity.TextMeshPro.Editor.Tests", "Unity.TextMeshPro.Editor.Tests.csproj", "{1f898f74-a0d7-875d-071c-96f9f3795f75}"
EndProject
Project("{FAE04EC0-301F-11D3-BF4B-00C04F79EFBC}") = "VoxelBusters.CoreLibrary.Parser", "VoxelBusters.CoreLibrary.Parser.csproj", "{50fe7ded-47b3-87bc-363e-4b560cdeb86f}"
EndProject
Project("{FAE04EC0-301F-11D3-BF4B-00C04F79EFBC}") = "ToonyColorsPro.Demo.Editor", "ToonyColorsPro.Demo.Editor.csproj", "{632ad41c-713d-de0a-5b71-6a31773cd35c}"
EndProject
Project("{FAE04EC0-301F-11D3-BF4B-00C04F79EFBC}") = "Unity.InputSystem.ForUI", "Unity.InputSystem.ForUI.csproj", "{d1b90018-bd4e-3c55-1c70-194497d1a343}"
EndProject
Project("{FAE04EC0-301F-11D3-BF4B-00C04F79EFBC}") = "Unity.TextMeshPro.Tests", "Unity.TextMeshPro.Tests.csproj", "{7cc8e9a4-cfac-ff5b-38c0-e645affdcbd5}"
EndProject
Project("{FAE04EC0-301F-11D3-BF4B-00C04F79EFBC}") = "Unity.InputSystem.DocCodeSamples", "Unity.InputSystem.DocCodeSamples.csproj", "{cccb6411-09c0-b252-c677-9c33e411375c}"
EndProject
Project("{FAE04EC0-301F-11D3-BF4B-00C04F79EFBC}") = "KinoBloom.Runtime", "KinoBloom.Runtime.csproj", "{5696191d-bce9-7550-f25c-8af7568a545b}"
EndProject
Project("{FAE04EC0-301F-11D3-BF4B-00C04F79EFBC}") = "Unity.RenderPipelines.Universal.Config.Editor.Tests", "Unity.RenderPipelines.Universal.Config.Editor.Tests.csproj", "{833aaf99-ad47-5655-0cdd-4d552d322247}"
EndProject
Project("{FAE04EC0-301F-11D3-BF4B-00C04F79EFBC}") = "TextMeshProEffect", "TextMeshProEffect.csproj", "{387d2c65-3a64-9596-0109-8c9c16e02d7d}"
EndProject
Project("{FAE04EC0-301F-11D3-BF4B-00C04F79EFBC}") = "Unity.InputSystem.IntegrationTests", "Unity.InputSystem.IntegrationTests.csproj", "{68035abf-f333-d20b-0021-0d1cf4af5f04}"
EndProject
Project("{FAE04EC0-301F-11D3-BF4B-00C04F79EFBC}") = "Unity.RenderPipelines.Core.ShaderLibrary", "Unity.RenderPipelines.Core.ShaderLibrary.csproj", "{15f32b4b-b660-0361-7989-972477fd275b}"
EndProject
Project("{FAE04EC0-301F-11D3-BF4B-00C04F79EFBC}") = "Unity.2D.Animation.EditorTests", "Unity.2D.Animation.EditorTests.csproj", "{2d7867ca-e56b-3afb-3e53-f06d5c7b39cc}"
EndProject
Project("{FAE04EC0-301F-11D3-BF4B-00C04F79EFBC}") = "Unity.PlayableGraphVisualizer.Tests", "Unity.PlayableGraphVisualizer.Tests.csproj", "{34db45ce-c3ad-d7a9-4862-574bd607e514}"
EndProject
Project("{FAE04EC0-301F-11D3-BF4B-00C04F79EFBC}") = "Unity.RenderPipeline.Universal.ShaderLibrary", "Unity.RenderPipeline.Universal.ShaderLibrary.csproj", "{0d62bbbc-719f-4548-bcba-13a0320baf38}"
EndProject
Project("{FAE04EC0-301F-11D3-BF4B-00C04F79EFBC}") = "VoxelBusters.EssentialKit.Editor.Build.iOSModule", "VoxelBusters.EssentialKit.Editor.Build.iOSModule.csproj", "{5c5f4a5b-9511-0a64-2369-ceb033400c7b}"
EndProject
Project("{FAE04EC0-301F-11D3-BF4B-00C04F79EFBC}") = "TextMeshProEffect.Editor", "TextMeshProEffect.Editor.csproj", "{0730e167-7197-60bb-7829-4a0daaa8d095}"
EndProject
Project("{FAE04EC0-301F-11D3-BF4B-00C04F79EFBC}") = "Unity.PlayableGraphVisualizer", "Unity.PlayableGraphVisualizer.csproj", "{36ee6865-0e81-184d-d5ba-84adf6fa8948}"
EndProject
Project("{FAE04EC0-301F-11D3-BF4B-00C04F79EFBC}") = "Unity.RenderPipelines.Universal.Shaders", "Unity.RenderPipelines.Universal.Shaders.csproj", "{d83fd302-0006-238d-5d1a-5dcb3ea07bc9}"
EndProject
Project("{FAE04EC0-301F-11D3-BF4B-00C04F79EFBC}") = "Unity.RenderPipelines.Core.Runtime.Shared", "Unity.RenderPipelines.Core.Runtime.Shared.csproj", "{5e2a07ec-3717-b905-988c-5cf1007e10ba}"
EndProject
Project("{FAE04EC0-301F-11D3-BF4B-00C04F79EFBC}") = "VoxelBusters.CoreLibrary.NativePlugins.iOSModule", "VoxelBusters.CoreLibrary.NativePlugins.iOSModule.csproj", "{a992aa2f-845c-fd86-ddb6-717d0dfc328d}"
EndProject
Project("{FAE04EC0-301F-11D3-BF4B-00C04F79EFBC}") = "Unity.2D.Psdimporter.EditorTests", "Unity.2D.Psdimporter.EditorTests.csproj", "{9fa35c70-2125-a71e-3d99-7383069794d0}"
EndProject
Project("{FAE04EC0-301F-11D3-BF4B-00C04F79EFBC}") = "Unity.RenderPipelines.Universal.Config.Runtime", "Unity.RenderPipelines.Universal.Config.Runtime.csproj", "{4a9095dc-f33e-ca17-b8a3-713d7f73bdcb}"
EndProject
Project("{FAE04EC0-301F-11D3-BF4B-00C04F79EFBC}") = "Unity.RenderPipelines.Core.Editor.Shared", "Unity.RenderPipelines.Core.Editor.Shared.csproj", "{0036f8b7-907a-16a7-75f0-e3d5741825c0}"
EndProject
Project("{FAE04EC0-301F-11D3-BF4B-00C04F79EFBC}") = "Assembly-CSharp-Editor-firstpass", "Assembly-CSharp-Editor-firstpass.csproj", "{378daa39-8b2e-6b9d-667f-d5782ca03998}"
EndProject
Global
	GlobalSection(SolutionConfigurationPlatforms) = preSolution
		Debug|Any CPU = Debug|Any CPU
	EndGlobalSection
	GlobalSection(ProjectConfigurationPlatforms) = postSolution
		{7ecff4e8-0fcd-90bb-39de-ae7d00d17a9a}.Debug|Any CPU.ActiveCfg = Debug|Any CPU
		{7ecff4e8-0fcd-90bb-39de-ae7d00d17a9a}.Debug|Any CPU.Build.0 = Debug|Any CPU
		{10fbc19e-6b20-564b-d46c-b58bd46c8ad9}.Debug|Any CPU.ActiveCfg = Debug|Any CPU
		{10fbc19e-6b20-564b-d46c-b58bd46c8ad9}.Debug|Any CPU.Build.0 = Debug|Any CPU
		{c1aa39b6-61c6-854f-f185-7c4112c21327}.Debug|Any CPU.ActiveCfg = Debug|Any CPU
		{c1aa39b6-61c6-854f-f185-7c4112c21327}.Debug|Any CPU.Build.0 = Debug|Any CPU
		{f11c5a5a-fc6e-0dd3-e2f1-4fbea79903af}.Debug|Any CPU.ActiveCfg = Debug|Any CPU
		{f11c5a5a-fc6e-0dd3-e2f1-4fbea79903af}.Debug|Any CPU.Build.0 = Debug|Any CPU
		{324a29ab-88f9-dbe7-cfbf-3d1315e34651}.Debug|Any CPU.ActiveCfg = Debug|Any CPU
		{324a29ab-88f9-dbe7-cfbf-3d1315e34651}.Debug|Any CPU.Build.0 = Debug|Any CPU
		{e201e9e8-211d-8cec-720f-0cece483e82d}.Debug|Any CPU.ActiveCfg = Debug|Any CPU
		{e201e9e8-211d-8cec-720f-0cece483e82d}.Debug|Any CPU.Build.0 = Debug|Any CPU
		{698e6c79-10f4-1fee-defa-92777a8cb779}.Debug|Any CPU.ActiveCfg = Debug|Any CPU
		{698e6c79-10f4-1fee-defa-92777a8cb779}.Debug|Any CPU.Build.0 = Debug|Any CPU
		{009350e0-501d-97c8-15b1-e790d399432b}.Debug|Any CPU.ActiveCfg = Debug|Any CPU
		{009350e0-501d-97c8-15b1-e790d399432b}.Debug|Any CPU.Build.0 = Debug|Any CPU
		{323e3ae4-6d47-1b28-2757-54a07f8eac90}.Debug|Any CPU.ActiveCfg = Debug|Any CPU
		{323e3ae4-6d47-1b28-2757-54a07f8eac90}.Debug|Any CPU.Build.0 = Debug|Any CPU
		{392a04c3-b716-1829-c236-1c7eb7ed54e2}.Debug|Any CPU.ActiveCfg = Debug|Any CPU
		{392a04c3-b716-1829-c236-1c7eb7ed54e2}.Debug|Any CPU.Build.0 = Debug|Any CPU
		{726b3b64-e5e5-c636-4f8b-7eddd34d4502}.Debug|Any CPU.ActiveCfg = Debug|Any CPU
		{726b3b64-e5e5-c636-4f8b-7eddd34d4502}.Debug|Any CPU.Build.0 = Debug|Any CPU
		{67ac2bdf-405e-45a2-598f-99428d7599ef}.Debug|Any CPU.ActiveCfg = Debug|Any CPU
		{67ac2bdf-405e-45a2-598f-99428d7599ef}.Debug|Any CPU.Build.0 = Debug|Any CPU
		{d7834f84-e564-e326-46e6-d4fab5cff3d2}.Debug|Any CPU.ActiveCfg = Debug|Any CPU
		{d7834f84-e564-e326-46e6-d4fab5cff3d2}.Debug|Any CPU.Build.0 = Debug|Any CPU
		{e4890ffb-6f97-1f7b-b567-7fcf571589f6}.Debug|Any CPU.ActiveCfg = Debug|Any CPU
		{e4890ffb-6f97-1f7b-b567-7fcf571589f6}.Debug|Any CPU.Build.0 = Debug|Any CPU
		{a718a664-0d4c-c33a-1bc7-98c20c8bf76d}.Debug|Any CPU.ActiveCfg = Debug|Any CPU
		{a718a664-0d4c-c33a-1bc7-98c20c8bf76d}.Debug|Any CPU.Build.0 = Debug|Any CPU
		{4f52cb0c-706e-20c8-d164-2dd2760f5b4c}.Debug|Any CPU.ActiveCfg = Debug|Any CPU
		{4f52cb0c-706e-20c8-d164-2dd2760f5b4c}.Debug|Any CPU.Build.0 = Debug|Any CPU
		{5f1e69f9-cfe3-9aad-2c26-4cb632292f96}.Debug|Any CPU.ActiveCfg = Debug|Any CPU
		{5f1e69f9-cfe3-9aad-2c26-4cb632292f96}.Debug|Any CPU.Build.0 = Debug|Any CPU
		{6ed1e14e-4912-a666-e9f5-9ee5b98041dd}.Debug|Any CPU.ActiveCfg = Debug|Any CPU
		{6ed1e14e-4912-a666-e9f5-9ee5b98041dd}.Debug|Any CPU.Build.0 = Debug|Any CPU
		{6413ebec-c331-ca32-a9c3-86ae2c98fb04}.Debug|Any CPU.ActiveCfg = Debug|Any CPU
		{6413ebec-c331-ca32-a9c3-86ae2c98fb04}.Debug|Any CPU.Build.0 = Debug|Any CPU
		{a0f976ad-28af-b4fc-d8c6-b6aefb928b62}.Debug|Any CPU.ActiveCfg = Debug|Any CPU
		{a0f976ad-28af-b4fc-d8c6-b6aefb928b62}.Debug|Any CPU.Build.0 = Debug|Any CPU
		{2597db44-7add-1270-cce0-9dd1cf03daf2}.Debug|Any CPU.ActiveCfg = Debug|Any CPU
		{2597db44-7add-1270-cce0-9dd1cf03daf2}.Debug|Any CPU.Build.0 = Debug|Any CPU
		{8fed6af4-b983-0b71-142c-db469ed1b89e}.Debug|Any CPU.ActiveCfg = Debug|Any CPU
		{8fed6af4-b983-0b71-142c-db469ed1b89e}.Debug|Any CPU.Build.0 = Debug|Any CPU
		{ee190149-6219-6266-5bac-9945bf2ac370}.Debug|Any CPU.ActiveCfg = Debug|Any CPU
		{ee190149-6219-6266-5bac-9945bf2ac370}.Debug|Any CPU.Build.0 = Debug|Any CPU
		{bd508879-09fa-0815-fb56-c2ac5bbb5ed3}.Debug|Any CPU.ActiveCfg = Debug|Any CPU
		{bd508879-09fa-0815-fb56-c2ac5bbb5ed3}.Debug|Any CPU.Build.0 = Debug|Any CPU
		{179a0bfb-7542-b308-182b-c5d409a263fc}.Debug|Any CPU.ActiveCfg = Debug|Any CPU
		{179a0bfb-7542-b308-182b-c5d409a263fc}.Debug|Any CPU.Build.0 = Debug|Any CPU
		{5526efdb-fff2-ce7c-598e-9ed4c1e721f6}.Debug|Any CPU.ActiveCfg = Debug|Any CPU
		{5526efdb-fff2-ce7c-598e-9ed4c1e721f6}.Debug|Any CPU.Build.0 = Debug|Any CPU
		{acdf488f-22d8-9b12-72c7-34a5e168feaa}.Debug|Any CPU.ActiveCfg = Debug|Any CPU
		{acdf488f-22d8-9b12-72c7-34a5e168feaa}.Debug|Any CPU.Build.0 = Debug|Any CPU
		{b9e7a75b-8865-efb1-841c-2893d98bb11a}.Debug|Any CPU.ActiveCfg = Debug|Any CPU
		{b9e7a75b-8865-efb1-841c-2893d98bb11a}.Debug|Any CPU.Build.0 = Debug|Any CPU
		{1080643c-a11e-889d-9071-e08a4fb792e0}.Debug|Any CPU.ActiveCfg = Debug|Any CPU
		{1080643c-a11e-889d-9071-e08a4fb792e0}.Debug|Any CPU.Build.0 = Debug|Any CPU
		{f917484d-5ac6-9491-ea20-8ce7e0a04b4d}.Debug|Any CPU.ActiveCfg = Debug|Any CPU
		{f917484d-5ac6-9491-ea20-8ce7e0a04b4d}.Debug|Any CPU.Build.0 = Debug|Any CPU
		{ca74c4c7-9882-0259-8ee7-cd2bbcd55e03}.Debug|Any CPU.ActiveCfg = Debug|Any CPU
		{ca74c4c7-9882-0259-8ee7-cd2bbcd55e03}.Debug|Any CPU.Build.0 = Debug|Any CPU
		{c1259cd9-f8c8-beee-093c-b27b858c3bc7}.Debug|Any CPU.ActiveCfg = Debug|Any CPU
		{c1259cd9-f8c8-beee-093c-b27b858c3bc7}.Debug|Any CPU.Build.0 = Debug|Any CPU
		{8b11d97e-1cdc-8b6e-820d-ef8ea01878ab}.Debug|Any CPU.ActiveCfg = Debug|Any CPU
		{8b11d97e-1cdc-8b6e-820d-ef8ea01878ab}.Debug|Any CPU.Build.0 = Debug|Any CPU
		{0f38ef40-9c93-da80-13b1-2b255937e412}.Debug|Any CPU.ActiveCfg = Debug|Any CPU
		{0f38ef40-9c93-da80-13b1-2b255937e412}.Debug|Any CPU.Build.0 = Debug|Any CPU
		{bb6fa161-a48d-25ef-0a76-abb832cf8c94}.Debug|Any CPU.ActiveCfg = Debug|Any CPU
		{bb6fa161-a48d-25ef-0a76-abb832cf8c94}.Debug|Any CPU.Build.0 = Debug|Any CPU
		{7545703e-4ee9-fc74-72cb-3208c128d102}.Debug|Any CPU.ActiveCfg = Debug|Any CPU
		{7545703e-4ee9-fc74-72cb-3208c128d102}.Debug|Any CPU.Build.0 = Debug|Any CPU
		{281badbf-cb3f-656a-0da3-9fce5d02c942}.Debug|Any CPU.ActiveCfg = Debug|Any CPU
		{281badbf-cb3f-656a-0da3-9fce5d02c942}.Debug|Any CPU.Build.0 = Debug|Any CPU
		{b41e7aae-aa32-271f-5dfb-7f363dd711eb}.Debug|Any CPU.ActiveCfg = Debug|Any CPU
		{b41e7aae-aa32-271f-5dfb-7f363dd711eb}.Debug|Any CPU.Build.0 = Debug|Any CPU
		{1b4beb61-0970-6475-7acc-db823d1ce5c0}.Debug|Any CPU.ActiveCfg = Debug|Any CPU
		{1b4beb61-0970-6475-7acc-db823d1ce5c0}.Debug|Any CPU.Build.0 = Debug|Any CPU
		{d851b5aa-fb9d-71ee-68e4-501d41a803d8}.Debug|Any CPU.ActiveCfg = Debug|Any CPU
		{d851b5aa-fb9d-71ee-68e4-501d41a803d8}.Debug|Any CPU.Build.0 = Debug|Any CPU
		{bbd26800-f16d-2eb7-057f-f42e490ab2b9}.Debug|Any CPU.ActiveCfg = Debug|Any CPU
		{bbd26800-f16d-2eb7-057f-f42e490ab2b9}.Debug|Any CPU.Build.0 = Debug|Any CPU
		{c30ac4d3-c174-fc86-f643-c802dfc4a6a4}.Debug|Any CPU.ActiveCfg = Debug|Any CPU
		{c30ac4d3-c174-fc86-f643-c802dfc4a6a4}.Debug|Any CPU.Build.0 = Debug|Any CPU
		{2e3fa7a3-9a26-f170-fe65-270a3af7077b}.Debug|Any CPU.ActiveCfg = Debug|Any CPU
		{2e3fa7a3-9a26-f170-fe65-270a3af7077b}.Debug|Any CPU.Build.0 = Debug|Any CPU
		{066da437-0e0b-e6ed-0ea3-9b0de8e664d2}.Debug|Any CPU.ActiveCfg = Debug|Any CPU
		{066da437-0e0b-e6ed-0ea3-9b0de8e664d2}.Debug|Any CPU.Build.0 = Debug|Any CPU
		{855dc4aa-bd15-1575-537a-954c2a7de015}.Debug|Any CPU.ActiveCfg = Debug|Any CPU
		{855dc4aa-bd15-1575-537a-954c2a7de015}.Debug|Any CPU.Build.0 = Debug|Any CPU
		{ebfe9c4d-6b89-a9c7-3d56-a939ee83528a}.Debug|Any CPU.ActiveCfg = Debug|Any CPU
		{ebfe9c4d-6b89-a9c7-3d56-a939ee83528a}.Debug|Any CPU.Build.0 = Debug|Any CPU
		{cbdef23e-05cd-7ed3-42b5-bfe58091e197}.Debug|Any CPU.ActiveCfg = Debug|Any CPU
		{cbdef23e-05cd-7ed3-42b5-bfe58091e197}.Debug|Any CPU.Build.0 = Debug|Any CPU
		{417649d5-30b1-d422-c6f9-499bf007df17}.Debug|Any CPU.ActiveCfg = Debug|Any CPU
		{417649d5-30b1-d422-c6f9-499bf007df17}.Debug|Any CPU.Build.0 = Debug|Any CPU
		{72eae012-07db-224b-9248-37fc93e9a742}.Debug|Any CPU.ActiveCfg = Debug|Any CPU
		{72eae012-07db-224b-9248-37fc93e9a742}.Debug|Any CPU.Build.0 = Debug|Any CPU
		{08707d11-19b0-f707-fcc8-54cd7b265d5c}.Debug|Any CPU.ActiveCfg = Debug|Any CPU
		{08707d11-19b0-f707-fcc8-54cd7b265d5c}.Debug|Any CPU.Build.0 = Debug|Any CPU
		{d08db827-b508-5607-30e7-fc9866d6fc0f}.Debug|Any CPU.ActiveCfg = Debug|Any CPU
		{d08db827-b508-5607-30e7-fc9866d6fc0f}.Debug|Any CPU.Build.0 = Debug|Any CPU
		{bd5d3adf-c517-32bd-1e3c-34e77c0c9c37}.Debug|Any CPU.ActiveCfg = Debug|Any CPU
		{bd5d3adf-c517-32bd-1e3c-34e77c0c9c37}.Debug|Any CPU.Build.0 = Debug|Any CPU
		{6ac5c207-01ff-62c3-7bf4-fa643452c7f2}.Debug|Any CPU.ActiveCfg = Debug|Any CPU
		{6ac5c207-01ff-62c3-7bf4-fa643452c7f2}.Debug|Any CPU.Build.0 = Debug|Any CPU
		{3c226d42-0e06-6868-4003-89fc303fcdc7}.Debug|Any CPU.ActiveCfg = Debug|Any CPU
		{3c226d42-0e06-6868-4003-89fc303fcdc7}.Debug|Any CPU.Build.0 = Debug|Any CPU
		{13d58cce-90c4-fb41-8a56-f28829ce0574}.Debug|Any CPU.ActiveCfg = Debug|Any CPU
		{13d58cce-90c4-fb41-8a56-f28829ce0574}.Debug|Any CPU.Build.0 = Debug|Any CPU
		{c229d3cf-ae0b-a61a-a868-6b9b4c460ffe}.Debug|Any CPU.ActiveCfg = Debug|Any CPU
		{c229d3cf-ae0b-a61a-a868-6b9b4c460ffe}.Debug|Any CPU.Build.0 = Debug|Any CPU
		{1f898f74-a0d7-875d-071c-96f9f3795f75}.Debug|Any CPU.ActiveCfg = Debug|Any CPU
		{1f898f74-a0d7-875d-071c-96f9f3795f75}.Debug|Any CPU.Build.0 = Debug|Any CPU
		{50fe7ded-47b3-87bc-363e-4b560cdeb86f}.Debug|Any CPU.ActiveCfg = Debug|Any CPU
		{50fe7ded-47b3-87bc-363e-4b560cdeb86f}.Debug|Any CPU.Build.0 = Debug|Any CPU
		{632ad41c-713d-de0a-5b71-6a31773cd35c}.Debug|Any CPU.ActiveCfg = Debug|Any CPU
		{632ad41c-713d-de0a-5b71-6a31773cd35c}.Debug|Any CPU.Build.0 = Debug|Any CPU
		{d1b90018-bd4e-3c55-1c70-194497d1a343}.Debug|Any CPU.ActiveCfg = Debug|Any CPU
		{d1b90018-bd4e-3c55-1c70-194497d1a343}.Debug|Any CPU.Build.0 = Debug|Any CPU
		{7cc8e9a4-cfac-ff5b-38c0-e645affdcbd5}.Debug|Any CPU.ActiveCfg = Debug|Any CPU
		{7cc8e9a4-cfac-ff5b-38c0-e645affdcbd5}.Debug|Any CPU.Build.0 = Debug|Any CPU
		{cccb6411-09c0-b252-c677-9c33e411375c}.Debug|Any CPU.ActiveCfg = Debug|Any CPU
		{cccb6411-09c0-b252-c677-9c33e411375c}.Debug|Any CPU.Build.0 = Debug|Any CPU
		{5696191d-bce9-7550-f25c-8af7568a545b}.Debug|Any CPU.ActiveCfg = Debug|Any CPU
		{5696191d-bce9-7550-f25c-8af7568a545b}.Debug|Any CPU.Build.0 = Debug|Any CPU
		{833aaf99-ad47-5655-0cdd-4d552d322247}.Debug|Any CPU.ActiveCfg = Debug|Any CPU
		{833aaf99-ad47-5655-0cdd-4d552d322247}.Debug|Any CPU.Build.0 = Debug|Any CPU
		{387d2c65-3a64-9596-0109-8c9c16e02d7d}.Debug|Any CPU.ActiveCfg = Debug|Any CPU
		{387d2c65-3a64-9596-0109-8c9c16e02d7d}.Debug|Any CPU.Build.0 = Debug|Any CPU
		{68035abf-f333-d20b-0021-0d1cf4af5f04}.Debug|Any CPU.ActiveCfg = Debug|Any CPU
		{68035abf-f333-d20b-0021-0d1cf4af5f04}.Debug|Any CPU.Build.0 = Debug|Any CPU
		{15f32b4b-b660-0361-7989-972477fd275b}.Debug|Any CPU.ActiveCfg = Debug|Any CPU
		{15f32b4b-b660-0361-7989-972477fd275b}.Debug|Any CPU.Build.0 = Debug|Any CPU
		{2d7867ca-e56b-3afb-3e53-f06d5c7b39cc}.Debug|Any CPU.ActiveCfg = Debug|Any CPU
		{2d7867ca-e56b-3afb-3e53-f06d5c7b39cc}.Debug|Any CPU.Build.0 = Debug|Any CPU
		{34db45ce-c3ad-d7a9-4862-574bd607e514}.Debug|Any CPU.ActiveCfg = Debug|Any CPU
		{34db45ce-c3ad-d7a9-4862-574bd607e514}.Debug|Any CPU.Build.0 = Debug|Any CPU
		{0d62bbbc-719f-4548-bcba-13a0320baf38}.Debug|Any CPU.ActiveCfg = Debug|Any CPU
		{0d62bbbc-719f-4548-bcba-13a0320baf38}.Debug|Any CPU.Build.0 = Debug|Any CPU
		{5c5f4a5b-9511-0a64-2369-ceb033400c7b}.Debug|Any CPU.ActiveCfg = Debug|Any CPU
		{5c5f4a5b-9511-0a64-2369-ceb033400c7b}.Debug|Any CPU.Build.0 = Debug|Any CPU
		{0730e167-7197-60bb-7829-4a0daaa8d095}.Debug|Any CPU.ActiveCfg = Debug|Any CPU
		{0730e167-7197-60bb-7829-4a0daaa8d095}.Debug|Any CPU.Build.0 = Debug|Any CPU
		{36ee6865-0e81-184d-d5ba-84adf6fa8948}.Debug|Any CPU.ActiveCfg = Debug|Any CPU
		{36ee6865-0e81-184d-d5ba-84adf6fa8948}.Debug|Any CPU.Build.0 = Debug|Any CPU
		{d83fd302-0006-238d-5d1a-5dcb3ea07bc9}.Debug|Any CPU.ActiveCfg = Debug|Any CPU
		{d83fd302-0006-238d-5d1a-5dcb3ea07bc9}.Debug|Any CPU.Build.0 = Debug|Any CPU
		{5e2a07ec-3717-b905-988c-5cf1007e10ba}.Debug|Any CPU.ActiveCfg = Debug|Any CPU
		{5e2a07ec-3717-b905-988c-5cf1007e10ba}.Debug|Any CPU.Build.0 = Debug|Any CPU
		{a992aa2f-845c-fd86-ddb6-717d0dfc328d}.Debug|Any CPU.ActiveCfg = Debug|Any CPU
		{a992aa2f-845c-fd86-ddb6-717d0dfc328d}.Debug|Any CPU.Build.0 = Debug|Any CPU
		{9fa35c70-2125-a71e-3d99-7383069794d0}.Debug|Any CPU.ActiveCfg = Debug|Any CPU
		{9fa35c70-2125-a71e-3d99-7383069794d0}.Debug|Any CPU.Build.0 = Debug|Any CPU
		{4a9095dc-f33e-ca17-b8a3-713d7f73bdcb}.Debug|Any CPU.ActiveCfg = Debug|Any CPU
		{4a9095dc-f33e-ca17-b8a3-713d7f73bdcb}.Debug|Any CPU.Build.0 = Debug|Any CPU
		{0036f8b7-907a-16a7-75f0-e3d5741825c0}.Debug|Any CPU.ActiveCfg = Debug|Any CPU
		{0036f8b7-907a-16a7-75f0-e3d5741825c0}.Debug|Any CPU.Build.0 = Debug|Any CPU
		{378daa39-8b2e-6b9d-667f-d5782ca03998}.Debug|Any CPU.ActiveCfg = Debug|Any CPU
		{378daa39-8b2e-6b9d-667f-d5782ca03998}.Debug|Any CPU.Build.0 = Debug|Any CPU
	EndGlobalSection
	GlobalSection(SolutionProperties) = preSolution
		HideSolutionNode = FALSE
	EndGlobalSection
EndGlobal
