
Microsoft Visual Studio Solution File, Format Version 11.00
# Visual Studio 2010
Project("{FAE04EC0-301F-11D3-BF4B-00C04F79EFBC}") = "Assembly-CSharp", "Assembly-CSharp.csproj", "{46b81fc5-0623-1cc9-a577-9b19ce02250e}"
EndProject
Project("{FAE04EC0-301F-11D3-BF4B-00C04F79EFBC}") = "Unity.RenderPipelines.Universal.Editor", "Unity.RenderPipelines.Universal.Editor.csproj", "{9e55cc48-f689-f094-9786-21d1af714d35}"
EndProject
Project("{FAE04EC0-301F-11D3-BF4B-00C04F79EFBC}") = "Unity.PlayableGraphVisualizer.Editor", "Unity.PlayableGraphVisualizer.Editor.csproj", "{71e46554-4202-aec1-eca5-4a869a46e1fe}"
EndProject
Project("{FAE04EC0-301F-11D3-BF4B-00C04F79EFBC}") = "VoxelBusters.EssentialKit.SimulatorModule", "VoxelBusters.EssentialKit.SimulatorModule.csproj", "{b9241eaf-7698-3c30-10a4-e62adeba2716}"
EndProject
Project("{FAE04EC0-301F-11D3-BF4B-00C04F79EFBC}") = "Unity.Timeline.Editor", "Unity.Timeline.Editor.csproj", "{f7d62877-7c3e-dbd6-893e-bc029add1c72}"
EndProject
Project("{FAE04EC0-301F-11D3-BF4B-00C04F79EFBC}") = "VoxelBusters.EssentialKit", "VoxelBusters.EssentialKit.csproj", "{2d264c76-14bf-0fae-d684-4e72058b7120}"
EndProject
Project("{FAE04EC0-301F-11D3-BF4B-00C04F79EFBC}") = "Unity.RenderPipelines.Universal.Editor.Tests", "Unity.RenderPipelines.Universal.Editor.Tests.csproj", "{4b2956f9-0e2a-f4a9-ee2d-8dd913ada66e}"
EndProject
Project("{FAE04EC0-301F-11D3-BF4B-00C04F79EFBC}") = "VoxelBusters.EssentialKit.AndroidModule", "VoxelBusters.EssentialKit.AndroidModule.csproj", "{db9c18f0-90e2-adeb-7606-26e985aed2bd}"
EndProject
Project("{FAE04EC0-301F-11D3-BF4B-00C04F79EFBC}") = "VoxelBusters.CoreLibrary.Editor.NativePlugins", "VoxelBusters.CoreLibrary.Editor.NativePlugins.csproj", "{fb090098-7d13-086a-3593-9a6a6a8bbd80}"
EndProject
Project("{FAE04EC0-301F-11D3-BF4B-00C04F79EFBC}") = "VoxelBusters.EssentialKit.iOSModule", "VoxelBusters.EssentialKit.iOSModule.csproj", "{e48bb54a-e112-e740-8d3f-c9815a0bdb1d}"
EndProject
Project("{FAE04EC0-301F-11D3-BF4B-00C04F79EFBC}") = "Unity.RenderPipelines.Universal.Runtime", "Unity.RenderPipelines.Universal.Runtime.csproj", "{1d055b86-1624-ae5e-7a7e-45df8cd80255}"
EndProject
Project("{FAE04EC0-301F-11D3-BF4B-00C04F79EFBC}") = "VoxelBusters.EssentialKit.Editor", "VoxelBusters.EssentialKit.Editor.csproj", "{dc68f94e-8c7b-43a7-e0ae-73f18ac04f62}"
EndProject
Project("{FAE04EC0-301F-11D3-BF4B-00C04F79EFBC}") = "VoxelBusters.EssentialKit.Demo", "VoxelBusters.EssentialKit.Demo.csproj", "{ae58d0db-a8a2-fb96-6966-c9435290ca0c}"
EndProject
Project("{FAE04EC0-301F-11D3-BF4B-00C04F79EFBC}") = "VoxelBusters.CoreLibrary.NativePlugins", "VoxelBusters.CoreLibrary.NativePlugins.csproj", "{27747039-c963-7c5c-ef6a-1613aaa1d742}"
EndProject
Project("{FAE04EC0-301F-11D3-BF4B-00C04F79EFBC}") = "VoxelBusters.CoreLibrary", "VoxelBusters.CoreLibrary.csproj", "{d5baf1e6-0406-3667-4f7c-f88ad986335b}"
EndProject
Project("{FAE04EC0-301F-11D3-BF4B-00C04F79EFBC}") = "Assembly-CSharp-Editor", "Assembly-CSharp-Editor.csproj", "{d775b962-0dda-4205-6ca6-21ad068309fa}"
EndProject
Project("{FAE04EC0-301F-11D3-BF4B-00C04F79EFBC}") = "Unity.RenderPipelines.Universal.2D.Runtime", "Unity.RenderPipelines.Universal.2D.Runtime.csproj", "{2c35219e-07b4-8c4d-d707-8a1fda9d55a3}"
EndProject
Project("{FAE04EC0-301F-11D3-BF4B-00C04F79EFBC}") = "Unity.RenderPipelines.Universal.2D.Editor.Overrides", "Unity.RenderPipelines.Universal.2D.Editor.Overrides.csproj", "{368a2661-1bf0-6cdd-98a8-bac576e1a8ac}"
EndProject
Project("{FAE04EC0-301F-11D3-BF4B-00C04F79EFBC}") = "Unity.Timeline", "Unity.Timeline.csproj", "{dc5f041e-d92a-ffbd-a329-4e75b63d7861}"
EndProject
Project("{FAE04EC0-301F-11D3-BF4B-00C04F79EFBC}") = "Assembly-CSharp-firstpass", "Assembly-CSharp-firstpass.csproj", "{d044271d-7eb0-596f-b3c6-9708cc01216a}"
EndProject
Project("{FAE04EC0-301F-11D3-BF4B-00C04F79EFBC}") = "VoxelBusters.CoreLibrary.Editor", "VoxelBusters.CoreLibrary.Editor.csproj", "{06428868-f146-8900-46b2-8defdafbd3b5}"
EndProject
Project("{FAE04EC0-301F-11D3-BF4B-00C04F79EFBC}") = "Unity.2D.Tilemap.Extras.Editor", "Unity.2D.Tilemap.Extras.Editor.csproj", "{b763e94b-f986-26c9-3516-10049ec85cf6}"
EndProject
Project("{FAE04EC0-301F-11D3-BF4B-00C04F79EFBC}") = "CFXRRuntime", "CFXRRuntime.csproj", "{8c552dc1-b7ea-6c53-32a0-088d45a974ce}"
EndProject
Project("{FAE04EC0-301F-11D3-BF4B-00C04F79EFBC}") = "Unity.2D.Tilemap.Extras", "Unity.2D.Tilemap.Extras.csproj", "{e9ba0589-39c9-39c2-c477-6f2512e10da8}"
EndProject
Project("{FAE04EC0-301F-11D3-BF4B-00C04F79EFBC}") = "VoxelBusters.CoreLibrary.Editor.Experimental", "VoxelBusters.CoreLibrary.Editor.Experimental.csproj", "{ae92353e-ae1a-2d1a-8cfb-c3557480577b}"
EndProject
Project("{FAE04EC0-301F-11D3-BF4B-00C04F79EFBC}") = "DocCodeExamples", "DocCodeExamples.csproj", "{35d54beb-0b38-e832-838a-af5552949d39}"
EndProject
Project("{FAE04EC0-301F-11D3-BF4B-00C04F79EFBC}") = "CFXREditor", "CFXREditor.csproj", "{ea2fe112-bd72-78cb-e99d-9eac3098cb41}"
EndProject
Project("{FAE04EC0-301F-11D3-BF4B-00C04F79EFBC}") = "VoxelBusters.CoreLibrary.NativePlugins.AndroidModule", "VoxelBusters.CoreLibrary.NativePlugins.AndroidModule.csproj", "{984deffd-d8f8-9d93-d239-2f22d26fe916}"
EndProject
Project("{FAE04EC0-301F-11D3-BF4B-00C04F79EFBC}") = "Unity.RenderPipelines.Universal.Runtime.Tests", "Unity.RenderPipelines.Universal.Runtime.Tests.csproj", "{f4714afb-7e20-a670-c684-8a00d2885a29}"
EndProject
Project("{FAE04EC0-301F-11D3-BF4B-00C04F79EFBC}") = "Unity.2D.Tilemap.Extras.Placeholder.EditorTests", "Unity.2D.Tilemap.Extras.Placeholder.EditorTests.csproj", "{a468ce6c-56e6-5dab-6f70-3432d17d27dd}"
EndProject
Project("{FAE04EC0-301F-11D3-BF4B-00C04F79EFBC}") = "CFXRDemo", "CFXRDemo.csproj", "{825d2950-662f-0028-f727-2b58001790d4}"
EndProject
Project("{FAE04EC0-301F-11D3-BF4B-00C04F79EFBC}") = "VoxelBusters.CoreLibrary.Parser", "VoxelBusters.CoreLibrary.Parser.csproj", "{6b92a837-51c0-54a1-9367-7dfd865ee601}"
EndProject
Project("{FAE04EC0-301F-11D3-BF4B-00C04F79EFBC}") = "ToonyColorsPro.Demo.Editor", "ToonyColorsPro.Demo.Editor.csproj", "{ac0ea5c8-add6-a9f6-2daf-c0bb4adedcad}"
EndProject
Project("{FAE04EC0-301F-11D3-BF4B-00C04F79EFBC}") = "KinoBloom.Runtime", "KinoBloom.Runtime.csproj", "{572f3218-8263-2d31-c013-99ecbf00ebb8}"
EndProject
Project("{FAE04EC0-301F-11D3-BF4B-00C04F79EFBC}") = "TextMeshProEffect", "TextMeshProEffect.csproj", "{e0133ed1-bc78-7496-16fe-2287f7c12dcb}"
EndProject
Project("{FAE04EC0-301F-11D3-BF4B-00C04F79EFBC}") = "Unity.PlayableGraphVisualizer.Tests", "Unity.PlayableGraphVisualizer.Tests.csproj", "{5aa39977-6f0f-1ce2-48e5-569d480b2fcf}"
EndProject
Project("{FAE04EC0-301F-11D3-BF4B-00C04F79EFBC}") = "Unity.RenderPipeline.Universal.ShaderLibrary", "Unity.RenderPipeline.Universal.ShaderLibrary.csproj", "{38fd92f3-2d20-3a83-b88e-440ce1c4ea6a}"
EndProject
Project("{FAE04EC0-301F-11D3-BF4B-00C04F79EFBC}") = "VoxelBusters.EssentialKit.Editor.Build.iOSModule", "VoxelBusters.EssentialKit.Editor.Build.iOSModule.csproj", "{42fc5d91-194a-5bb6-50ce-b36002955e44}"
EndProject
Project("{FAE04EC0-301F-11D3-BF4B-00C04F79EFBC}") = "TextMeshProEffect.Editor", "TextMeshProEffect.Editor.csproj", "{4137580d-ff53-1f21-9ad2-41011a165370}"
EndProject
Project("{FAE04EC0-301F-11D3-BF4B-00C04F79EFBC}") = "Unity.PlayableGraphVisualizer", "Unity.PlayableGraphVisualizer.csproj", "{8a652095-38a6-c9ef-d7d0-cfa470423b12}"
EndProject
Project("{FAE04EC0-301F-11D3-BF4B-00C04F79EFBC}") = "Unity.RenderPipelines.Universal.Shaders", "Unity.RenderPipelines.Universal.Shaders.csproj", "{4e30c18e-e406-e28e-f8e8-755df6c5f81a}"
EndProject
Project("{FAE04EC0-301F-11D3-BF4B-00C04F79EFBC}") = "VoxelBusters.CoreLibrary.NativePlugins.iOSModule", "VoxelBusters.CoreLibrary.NativePlugins.iOSModule.csproj", "{27f4aee0-ef58-039c-a564-f449b2185955}"
EndProject
Project("{FAE04EC0-301F-11D3-BF4B-00C04F79EFBC}") = "Assembly-CSharp-Editor-firstpass", "Assembly-CSharp-Editor-firstpass.csproj", "{207f693e-f049-523d-9fd6-40dfa0d0752e}"
EndProject
Global
	GlobalSection(SolutionConfigurationPlatforms) = preSolution
		Debug|Any CPU = Debug|Any CPU
	EndGlobalSection
	GlobalSection(ProjectConfigurationPlatforms) = postSolution
		{46b81fc5-0623-1cc9-a577-9b19ce02250e}.Debug|Any CPU.ActiveCfg = Debug|Any CPU
		{46b81fc5-0623-1cc9-a577-9b19ce02250e}.Debug|Any CPU.Build.0 = Debug|Any CPU
		{9e55cc48-f689-f094-9786-21d1af714d35}.Debug|Any CPU.ActiveCfg = Debug|Any CPU
		{9e55cc48-f689-f094-9786-21d1af714d35}.Debug|Any CPU.Build.0 = Debug|Any CPU
		{71e46554-4202-aec1-eca5-4a869a46e1fe}.Debug|Any CPU.ActiveCfg = Debug|Any CPU
		{71e46554-4202-aec1-eca5-4a869a46e1fe}.Debug|Any CPU.Build.0 = Debug|Any CPU
		{b9241eaf-7698-3c30-10a4-e62adeba2716}.Debug|Any CPU.ActiveCfg = Debug|Any CPU
		{b9241eaf-7698-3c30-10a4-e62adeba2716}.Debug|Any CPU.Build.0 = Debug|Any CPU
		{f7d62877-7c3e-dbd6-893e-bc029add1c72}.Debug|Any CPU.ActiveCfg = Debug|Any CPU
		{f7d62877-7c3e-dbd6-893e-bc029add1c72}.Debug|Any CPU.Build.0 = Debug|Any CPU
		{2d264c76-14bf-0fae-d684-4e72058b7120}.Debug|Any CPU.ActiveCfg = Debug|Any CPU
		{2d264c76-14bf-0fae-d684-4e72058b7120}.Debug|Any CPU.Build.0 = Debug|Any CPU
		{4b2956f9-0e2a-f4a9-ee2d-8dd913ada66e}.Debug|Any CPU.ActiveCfg = Debug|Any CPU
		{4b2956f9-0e2a-f4a9-ee2d-8dd913ada66e}.Debug|Any CPU.Build.0 = Debug|Any CPU
		{db9c18f0-90e2-adeb-7606-26e985aed2bd}.Debug|Any CPU.ActiveCfg = Debug|Any CPU
		{db9c18f0-90e2-adeb-7606-26e985aed2bd}.Debug|Any CPU.Build.0 = Debug|Any CPU
		{fb090098-7d13-086a-3593-9a6a6a8bbd80}.Debug|Any CPU.ActiveCfg = Debug|Any CPU
		{fb090098-7d13-086a-3593-9a6a6a8bbd80}.Debug|Any CPU.Build.0 = Debug|Any CPU
		{e48bb54a-e112-e740-8d3f-c9815a0bdb1d}.Debug|Any CPU.ActiveCfg = Debug|Any CPU
		{e48bb54a-e112-e740-8d3f-c9815a0bdb1d}.Debug|Any CPU.Build.0 = Debug|Any CPU
		{1d055b86-1624-ae5e-7a7e-45df8cd80255}.Debug|Any CPU.ActiveCfg = Debug|Any CPU
		{1d055b86-1624-ae5e-7a7e-45df8cd80255}.Debug|Any CPU.Build.0 = Debug|Any CPU
		{dc68f94e-8c7b-43a7-e0ae-73f18ac04f62}.Debug|Any CPU.ActiveCfg = Debug|Any CPU
		{dc68f94e-8c7b-43a7-e0ae-73f18ac04f62}.Debug|Any CPU.Build.0 = Debug|Any CPU
		{ae58d0db-a8a2-fb96-6966-c9435290ca0c}.Debug|Any CPU.ActiveCfg = Debug|Any CPU
		{ae58d0db-a8a2-fb96-6966-c9435290ca0c}.Debug|Any CPU.Build.0 = Debug|Any CPU
		{27747039-c963-7c5c-ef6a-1613aaa1d742}.Debug|Any CPU.ActiveCfg = Debug|Any CPU
		{27747039-c963-7c5c-ef6a-1613aaa1d742}.Debug|Any CPU.Build.0 = Debug|Any CPU
		{d5baf1e6-0406-3667-4f7c-f88ad986335b}.Debug|Any CPU.ActiveCfg = Debug|Any CPU
		{d5baf1e6-0406-3667-4f7c-f88ad986335b}.Debug|Any CPU.Build.0 = Debug|Any CPU
		{d775b962-0dda-4205-6ca6-21ad068309fa}.Debug|Any CPU.ActiveCfg = Debug|Any CPU
		{d775b962-0dda-4205-6ca6-21ad068309fa}.Debug|Any CPU.Build.0 = Debug|Any CPU
		{2c35219e-07b4-8c4d-d707-8a1fda9d55a3}.Debug|Any CPU.ActiveCfg = Debug|Any CPU
		{2c35219e-07b4-8c4d-d707-8a1fda9d55a3}.Debug|Any CPU.Build.0 = Debug|Any CPU
		{368a2661-1bf0-6cdd-98a8-bac576e1a8ac}.Debug|Any CPU.ActiveCfg = Debug|Any CPU
		{368a2661-1bf0-6cdd-98a8-bac576e1a8ac}.Debug|Any CPU.Build.0 = Debug|Any CPU
		{dc5f041e-d92a-ffbd-a329-4e75b63d7861}.Debug|Any CPU.ActiveCfg = Debug|Any CPU
		{dc5f041e-d92a-ffbd-a329-4e75b63d7861}.Debug|Any CPU.Build.0 = Debug|Any CPU
		{d044271d-7eb0-596f-b3c6-9708cc01216a}.Debug|Any CPU.ActiveCfg = Debug|Any CPU
		{d044271d-7eb0-596f-b3c6-9708cc01216a}.Debug|Any CPU.Build.0 = Debug|Any CPU
		{06428868-f146-8900-46b2-8defdafbd3b5}.Debug|Any CPU.ActiveCfg = Debug|Any CPU
		{06428868-f146-8900-46b2-8defdafbd3b5}.Debug|Any CPU.Build.0 = Debug|Any CPU
		{b763e94b-f986-26c9-3516-10049ec85cf6}.Debug|Any CPU.ActiveCfg = Debug|Any CPU
		{b763e94b-f986-26c9-3516-10049ec85cf6}.Debug|Any CPU.Build.0 = Debug|Any CPU
		{8c552dc1-b7ea-6c53-32a0-088d45a974ce}.Debug|Any CPU.ActiveCfg = Debug|Any CPU
		{8c552dc1-b7ea-6c53-32a0-088d45a974ce}.Debug|Any CPU.Build.0 = Debug|Any CPU
		{e9ba0589-39c9-39c2-c477-6f2512e10da8}.Debug|Any CPU.ActiveCfg = Debug|Any CPU
		{e9ba0589-39c9-39c2-c477-6f2512e10da8}.Debug|Any CPU.Build.0 = Debug|Any CPU
		{ae92353e-ae1a-2d1a-8cfb-c3557480577b}.Debug|Any CPU.ActiveCfg = Debug|Any CPU
		{ae92353e-ae1a-2d1a-8cfb-c3557480577b}.Debug|Any CPU.Build.0 = Debug|Any CPU
		{35d54beb-0b38-e832-838a-af5552949d39}.Debug|Any CPU.ActiveCfg = Debug|Any CPU
		{35d54beb-0b38-e832-838a-af5552949d39}.Debug|Any CPU.Build.0 = Debug|Any CPU
		{ea2fe112-bd72-78cb-e99d-9eac3098cb41}.Debug|Any CPU.ActiveCfg = Debug|Any CPU
		{ea2fe112-bd72-78cb-e99d-9eac3098cb41}.Debug|Any CPU.Build.0 = Debug|Any CPU
		{984deffd-d8f8-9d93-d239-2f22d26fe916}.Debug|Any CPU.ActiveCfg = Debug|Any CPU
		{984deffd-d8f8-9d93-d239-2f22d26fe916}.Debug|Any CPU.Build.0 = Debug|Any CPU
		{f4714afb-7e20-a670-c684-8a00d2885a29}.Debug|Any CPU.ActiveCfg = Debug|Any CPU
		{f4714afb-7e20-a670-c684-8a00d2885a29}.Debug|Any CPU.Build.0 = Debug|Any CPU
		{a468ce6c-56e6-5dab-6f70-3432d17d27dd}.Debug|Any CPU.ActiveCfg = Debug|Any CPU
		{a468ce6c-56e6-5dab-6f70-3432d17d27dd}.Debug|Any CPU.Build.0 = Debug|Any CPU
		{825d2950-662f-0028-f727-2b58001790d4}.Debug|Any CPU.ActiveCfg = Debug|Any CPU
		{825d2950-662f-0028-f727-2b58001790d4}.Debug|Any CPU.Build.0 = Debug|Any CPU
		{6b92a837-51c0-54a1-9367-7dfd865ee601}.Debug|Any CPU.ActiveCfg = Debug|Any CPU
		{6b92a837-51c0-54a1-9367-7dfd865ee601}.Debug|Any CPU.Build.0 = Debug|Any CPU
		{ac0ea5c8-add6-a9f6-2daf-c0bb4adedcad}.Debug|Any CPU.ActiveCfg = Debug|Any CPU
		{ac0ea5c8-add6-a9f6-2daf-c0bb4adedcad}.Debug|Any CPU.Build.0 = Debug|Any CPU
		{572f3218-8263-2d31-c013-99ecbf00ebb8}.Debug|Any CPU.ActiveCfg = Debug|Any CPU
		{572f3218-8263-2d31-c013-99ecbf00ebb8}.Debug|Any CPU.Build.0 = Debug|Any CPU
		{e0133ed1-bc78-7496-16fe-2287f7c12dcb}.Debug|Any CPU.ActiveCfg = Debug|Any CPU
		{e0133ed1-bc78-7496-16fe-2287f7c12dcb}.Debug|Any CPU.Build.0 = Debug|Any CPU
		{5aa39977-6f0f-1ce2-48e5-569d480b2fcf}.Debug|Any CPU.ActiveCfg = Debug|Any CPU
		{5aa39977-6f0f-1ce2-48e5-569d480b2fcf}.Debug|Any CPU.Build.0 = Debug|Any CPU
		{38fd92f3-2d20-3a83-b88e-440ce1c4ea6a}.Debug|Any CPU.ActiveCfg = Debug|Any CPU
		{38fd92f3-2d20-3a83-b88e-440ce1c4ea6a}.Debug|Any CPU.Build.0 = Debug|Any CPU
		{42fc5d91-194a-5bb6-50ce-b36002955e44}.Debug|Any CPU.ActiveCfg = Debug|Any CPU
		{42fc5d91-194a-5bb6-50ce-b36002955e44}.Debug|Any CPU.Build.0 = Debug|Any CPU
		{4137580d-ff53-1f21-9ad2-41011a165370}.Debug|Any CPU.ActiveCfg = Debug|Any CPU
		{4137580d-ff53-1f21-9ad2-41011a165370}.Debug|Any CPU.Build.0 = Debug|Any CPU
		{8a652095-38a6-c9ef-d7d0-cfa470423b12}.Debug|Any CPU.ActiveCfg = Debug|Any CPU
		{8a652095-38a6-c9ef-d7d0-cfa470423b12}.Debug|Any CPU.Build.0 = Debug|Any CPU
		{4e30c18e-e406-e28e-f8e8-755df6c5f81a}.Debug|Any CPU.ActiveCfg = Debug|Any CPU
		{4e30c18e-e406-e28e-f8e8-755df6c5f81a}.Debug|Any CPU.Build.0 = Debug|Any CPU
		{27f4aee0-ef58-039c-a564-f449b2185955}.Debug|Any CPU.ActiveCfg = Debug|Any CPU
		{27f4aee0-ef58-039c-a564-f449b2185955}.Debug|Any CPU.Build.0 = Debug|Any CPU
		{207f693e-f049-523d-9fd6-40dfa0d0752e}.Debug|Any CPU.ActiveCfg = Debug|Any CPU
		{207f693e-f049-523d-9fd6-40dfa0d0752e}.Debug|Any CPU.Build.0 = Debug|Any CPU
	EndGlobalSection
	GlobalSection(SolutionProperties) = preSolution
		HideSolutionNode = FALSE
	EndGlobalSection
EndGlobal
