
Microsoft Visual Studio Solution File, Format Version 12.00
# Visual Studio 15
Project("{FAE04EC0-301F-11D3-BF4B-00C04F79EFBC}") = "Assembly-CSharp", "Assembly-CSharp.csproj", "{8053D2C7-F6D1-8120-E1C9-48BF9C197F83}"
EndProject
Project("{FAE04EC0-301F-11D3-BF4B-00C04F79EFBC}") = "Assembly-CSharp-Editor", "Assembly-CSharp-Editor.csproj", "{23FB39F9-479A-3DFF-50E4-E26F19C80C1E}"
EndProject
Project("{FAE04EC0-301F-11D3-BF4B-00C04F79EFBC}") = "UnityEditor.UI", "UnityEditor.UI.csproj", "{3436EF8F-FC2B-BB74-270B-604E90A574C8}"
EndProject
Project("{FAE04EC0-301F-11D3-BF4B-00C04F79EFBC}") = "Unity.Mathematics", "Unity.Mathematics.csproj", "{3A991316-39AA-FADA-8380-0B818BBFD224}"
EndProject
Project("{FAE04EC0-301F-11D3-BF4B-00C04F79EFBC}") = "Unity.Mathematics.Tests", "Unity.Mathematics.Tests.csproj", "{C6618340-7669-B8C9-287D-A9FC99EB4E3F}"
EndProject
Project("{FAE04EC0-301F-11D3-BF4B-00C04F79EFBC}") = "UnityEngine.UI.Tests", "UnityEngine.UI.Tests.csproj", "{4FC6D9C1-02FE-633E-19B9-E7D63401DBA9}"
EndProject
Project("{FAE04EC0-301F-11D3-BF4B-00C04F79EFBC}") = "UnityEditor.UI.EditorTests", "UnityEditor.UI.EditorTests.csproj", "{B807B2A9-895F-F359-A3FF-2063A90C008B}"
EndProject
Project("{FAE04EC0-301F-11D3-BF4B-00C04F79EFBC}") = "UnityEngine.UI", "UnityEngine.UI.csproj", "{53A88101-71D2-2BE3-6891-FBBB67EB48FB}"
EndProject
Project("{FAE04EC0-301F-11D3-BF4B-00C04F79EFBC}") = "Unity.2D.Tilemap.Extras.Editor", "Unity.2D.Tilemap.Extras.Editor.csproj", "{89111F77-1879-4FDF-3CF0-8F9B4C8334BF}"
EndProject
Project("{FAE04EC0-301F-11D3-BF4B-00C04F79EFBC}") = "Assembly-CSharp-Editor-firstpass", "Assembly-CSharp-Editor-firstpass.csproj", "{A51A5120-5364-F06E-40A4-4D8E0B04158C}"
EndProject
Project("{FAE04EC0-301F-11D3-BF4B-00C04F79EFBC}") = "Unity.Mathematics.Editor", "Unity.Mathematics.Editor.csproj", "{58F4EC3C-243F-9B78-B5CC-AF7B4D3B1B04}"
EndProject
Project("{FAE04EC0-301F-11D3-BF4B-00C04F79EFBC}") = "Unity.2D.Tilemap.Extras", "Unity.2D.Tilemap.Extras.csproj", "{F1E17A79-9D2B-BF06-9659-1ED8EC7FB506}"
EndProject
Project("{FAE04EC0-301F-11D3-BF4B-00C04F79EFBC}") = "Assembly-CSharp-firstpass", "Assembly-CSharp-firstpass.csproj", "{38FCCC1E-88A1-ADE5-3140-8E822AC47C71}"
EndProject
Project("{FAE04EC0-301F-11D3-BF4B-00C04F79EFBC}") = "Unity.2D.Tilemap.Extras.Placeholder.EditorTests", "Unity.2D.Tilemap.Extras.Placeholder.EditorTests.csproj", "{1DB02D4C-5F7B-CDE1-FAA9-3A84ED7E3905}"
EndProject
Global
	GlobalSection(SolutionConfigurationPlatforms) = preSolution
		Debug|Any CPU = Debug|Any CPU
		Release|Any CPU = Release|Any CPU
	EndGlobalSection
	GlobalSection(ProjectConfigurationPlatforms) = postSolution
		{8053D2C7-F6D1-8120-E1C9-48BF9C197F83}.Debug|Any CPU.ActiveCfg = Debug|Any CPU
		{8053D2C7-F6D1-8120-E1C9-48BF9C197F83}.Debug|Any CPU.Build.0 = Debug|Any CPU
		{8053D2C7-F6D1-8120-E1C9-48BF9C197F83}.Release|Any CPU.ActiveCfg = Release|Any CPU
		{8053D2C7-F6D1-8120-E1C9-48BF9C197F83}.Release|Any CPU.Build.0 = Release|Any CPU
		{23FB39F9-479A-3DFF-50E4-E26F19C80C1E}.Debug|Any CPU.ActiveCfg = Debug|Any CPU
		{23FB39F9-479A-3DFF-50E4-E26F19C80C1E}.Debug|Any CPU.Build.0 = Debug|Any CPU
		{23FB39F9-479A-3DFF-50E4-E26F19C80C1E}.Release|Any CPU.ActiveCfg = Release|Any CPU
		{23FB39F9-479A-3DFF-50E4-E26F19C80C1E}.Release|Any CPU.Build.0 = Release|Any CPU
		{3436EF8F-FC2B-BB74-270B-604E90A574C8}.Debug|Any CPU.ActiveCfg = Debug|Any CPU
		{3436EF8F-FC2B-BB74-270B-604E90A574C8}.Debug|Any CPU.Build.0 = Debug|Any CPU
		{3436EF8F-FC2B-BB74-270B-604E90A574C8}.Release|Any CPU.ActiveCfg = Release|Any CPU
		{3436EF8F-FC2B-BB74-270B-604E90A574C8}.Release|Any CPU.Build.0 = Release|Any CPU
		{3A991316-39AA-FADA-8380-0B818BBFD224}.Debug|Any CPU.ActiveCfg = Debug|Any CPU
		{3A991316-39AA-FADA-8380-0B818BBFD224}.Debug|Any CPU.Build.0 = Debug|Any CPU
		{3A991316-39AA-FADA-8380-0B818BBFD224}.Release|Any CPU.ActiveCfg = Release|Any CPU
		{3A991316-39AA-FADA-8380-0B818BBFD224}.Release|Any CPU.Build.0 = Release|Any CPU
		{C6618340-7669-B8C9-287D-A9FC99EB4E3F}.Debug|Any CPU.ActiveCfg = Debug|Any CPU
		{C6618340-7669-B8C9-287D-A9FC99EB4E3F}.Debug|Any CPU.Build.0 = Debug|Any CPU
		{C6618340-7669-B8C9-287D-A9FC99EB4E3F}.Release|Any CPU.ActiveCfg = Release|Any CPU
		{C6618340-7669-B8C9-287D-A9FC99EB4E3F}.Release|Any CPU.Build.0 = Release|Any CPU
		{4FC6D9C1-02FE-633E-19B9-E7D63401DBA9}.Debug|Any CPU.ActiveCfg = Debug|Any CPU
		{4FC6D9C1-02FE-633E-19B9-E7D63401DBA9}.Debug|Any CPU.Build.0 = Debug|Any CPU
		{4FC6D9C1-02FE-633E-19B9-E7D63401DBA9}.Release|Any CPU.ActiveCfg = Release|Any CPU
		{4FC6D9C1-02FE-633E-19B9-E7D63401DBA9}.Release|Any CPU.Build.0 = Release|Any CPU
		{B807B2A9-895F-F359-A3FF-2063A90C008B}.Debug|Any CPU.ActiveCfg = Debug|Any CPU
		{B807B2A9-895F-F359-A3FF-2063A90C008B}.Debug|Any CPU.Build.0 = Debug|Any CPU
		{B807B2A9-895F-F359-A3FF-2063A90C008B}.Release|Any CPU.ActiveCfg = Release|Any CPU
		{B807B2A9-895F-F359-A3FF-2063A90C008B}.Release|Any CPU.Build.0 = Release|Any CPU
		{53A88101-71D2-2BE3-6891-FBBB67EB48FB}.Debug|Any CPU.ActiveCfg = Debug|Any CPU
		{53A88101-71D2-2BE3-6891-FBBB67EB48FB}.Debug|Any CPU.Build.0 = Debug|Any CPU
		{53A88101-71D2-2BE3-6891-FBBB67EB48FB}.Release|Any CPU.ActiveCfg = Release|Any CPU
		{53A88101-71D2-2BE3-6891-FBBB67EB48FB}.Release|Any CPU.Build.0 = Release|Any CPU
		{89111F77-1879-4FDF-3CF0-8F9B4C8334BF}.Debug|Any CPU.ActiveCfg = Debug|Any CPU
		{89111F77-1879-4FDF-3CF0-8F9B4C8334BF}.Debug|Any CPU.Build.0 = Debug|Any CPU
		{89111F77-1879-4FDF-3CF0-8F9B4C8334BF}.Release|Any CPU.ActiveCfg = Release|Any CPU
		{89111F77-1879-4FDF-3CF0-8F9B4C8334BF}.Release|Any CPU.Build.0 = Release|Any CPU
		{A51A5120-5364-F06E-40A4-4D8E0B04158C}.Debug|Any CPU.ActiveCfg = Debug|Any CPU
		{A51A5120-5364-F06E-40A4-4D8E0B04158C}.Debug|Any CPU.Build.0 = Debug|Any CPU
		{A51A5120-5364-F06E-40A4-4D8E0B04158C}.Release|Any CPU.ActiveCfg = Release|Any CPU
		{A51A5120-5364-F06E-40A4-4D8E0B04158C}.Release|Any CPU.Build.0 = Release|Any CPU
		{58F4EC3C-243F-9B78-B5CC-AF7B4D3B1B04}.Debug|Any CPU.ActiveCfg = Debug|Any CPU
		{58F4EC3C-243F-9B78-B5CC-AF7B4D3B1B04}.Debug|Any CPU.Build.0 = Debug|Any CPU
		{58F4EC3C-243F-9B78-B5CC-AF7B4D3B1B04}.Release|Any CPU.ActiveCfg = Release|Any CPU
		{58F4EC3C-243F-9B78-B5CC-AF7B4D3B1B04}.Release|Any CPU.Build.0 = Release|Any CPU
		{F1E17A79-9D2B-BF06-9659-1ED8EC7FB506}.Debug|Any CPU.ActiveCfg = Debug|Any CPU
		{F1E17A79-9D2B-BF06-9659-1ED8EC7FB506}.Debug|Any CPU.Build.0 = Debug|Any CPU
		{F1E17A79-9D2B-BF06-9659-1ED8EC7FB506}.Release|Any CPU.ActiveCfg = Release|Any CPU
		{F1E17A79-9D2B-BF06-9659-1ED8EC7FB506}.Release|Any CPU.Build.0 = Release|Any CPU
		{38FCCC1E-88A1-ADE5-3140-8E822AC47C71}.Debug|Any CPU.ActiveCfg = Debug|Any CPU
		{38FCCC1E-88A1-ADE5-3140-8E822AC47C71}.Debug|Any CPU.Build.0 = Debug|Any CPU
		{38FCCC1E-88A1-ADE5-3140-8E822AC47C71}.Release|Any CPU.ActiveCfg = Release|Any CPU
		{38FCCC1E-88A1-ADE5-3140-8E822AC47C71}.Release|Any CPU.Build.0 = Release|Any CPU
		{1DB02D4C-5F7B-CDE1-FAA9-3A84ED7E3905}.Debug|Any CPU.ActiveCfg = Debug|Any CPU
		{1DB02D4C-5F7B-CDE1-FAA9-3A84ED7E3905}.Debug|Any CPU.Build.0 = Debug|Any CPU
		{1DB02D4C-5F7B-CDE1-FAA9-3A84ED7E3905}.Release|Any CPU.ActiveCfg = Release|Any CPU
		{1DB02D4C-5F7B-CDE1-FAA9-3A84ED7E3905}.Release|Any CPU.Build.0 = Release|Any CPU
	EndGlobalSection
	GlobalSection(SolutionProperties) = preSolution
		HideSolutionNode = FALSE
	EndGlobalSection
EndGlobal
