
Microsoft Visual Studio Solution File, Format Version 12.00
# Visual Studio 15
Project("{FAE04EC0-301F-11D3-BF4B-00C04F79EFBC}") = "Unity.Timeline", "Unity.Timeline.csproj", "{034901F5-75E0-DD40-5A8F-6808CA525688}"
EndProject
Project("{FAE04EC0-301F-11D3-BF4B-00C04F79EFBC}") = "Unity.RenderPipelines.GPUDriven.Runtime", "Unity.RenderPipelines.GPUDriven.Runtime.csproj", "{CC797B40-496E-0112-2EEA-766DC3ED5DDB}"
EndProject
Project("{FAE04EC0-301F-11D3-BF4B-00C04F79EFBC}") = "Assembly-CSharp", "Assembly-CSharp.csproj", "{ABD9AEA7-00EB-3896-9212-762DEBE18234}"
EndProject
Project("{FAE04EC0-301F-11D3-BF4B-00C04F79EFBC}") = "Unity.RenderPipelines.Core.Runtime", "Unity.RenderPipelines.Core.Runtime.csproj", "{B72676A7-1A61-C50D-0F14-037B81A8FDCF}"
EndProject
Project("{FAE04EC0-301F-11D3-BF4B-00C04F79EFBC}") = "Unity.Mathematics", "Unity.Mathematics.csproj", "{27525BE9-AF8C-112A-D63F-9E7FC34AECC7}"
EndProject
Project("{FAE04EC0-301F-11D3-BF4B-00C04F79EFBC}") = "Unity.Timeline.Editor", "Unity.Timeline.Editor.csproj", "{46EF0F25-3961-FF0F-38EE-CEB0BA60AA92}"
EndProject
Project("{FAE04EC0-301F-11D3-BF4B-00C04F79EFBC}") = "Unity.RenderPipelines.Core.Editor.Tests", "Unity.RenderPipelines.Core.Editor.Tests.csproj", "{8E3109F6-D583-2F20-8F00-83CAA7491B69}"
EndProject
Project("{FAE04EC0-301F-11D3-BF4B-00C04F79EFBC}") = "SingularityGroup.HotReload.Editor", "SingularityGroup.HotReload.Editor.csproj", "{BB79D21F-7C85-7C26-5272-6CA8968EDD69}"
EndProject
Project("{FAE04EC0-301F-11D3-BF4B-00C04F79EFBC}") = "UnityEngine.UI", "UnityEngine.UI.csproj", "{B8095D57-1D62-4127-1FE3-A451E8883BA0}"
EndProject
Project("{FAE04EC0-301F-11D3-BF4B-00C04F79EFBC}") = "Unity.RenderPipelines.Core.Editor", "Unity.RenderPipelines.Core.Editor.csproj", "{85B26B3E-DF66-4DD2-2213-893EBD18F77E}"
EndProject
Project("{FAE04EC0-301F-11D3-BF4B-00C04F79EFBC}") = "Unity.RenderPipelines.Universal.2D.Runtime", "Unity.RenderPipelines.Universal.2D.Runtime.csproj", "{F29863A7-C832-3464-9021-89235D6B2E89}"
EndProject
Project("{FAE04EC0-301F-11D3-BF4B-00C04F79EFBC}") = "Unity.RenderPipelines.Universal.Editor", "Unity.RenderPipelines.Universal.Editor.csproj", "{B7369A77-1C48-891E-A02E-98EDAEF7D168}"
EndProject
Project("{FAE04EC0-301F-11D3-BF4B-00C04F79EFBC}") = "Unity.InputSystem", "Unity.InputSystem.csproj", "{1D4F1760-24A9-E8CB-D1BF-97096300EFB1}"
EndProject
Project("{FAE04EC0-301F-11D3-BF4B-00C04F79EFBC}") = "PPv2URPConverters", "PPv2URPConverters.csproj", "{8D62AB21-3828-10F0-9524-D0BB49EBFFD0}"
EndProject
Project("{FAE04EC0-301F-11D3-BF4B-00C04F79EFBC}") = "Unity.RenderPipelines.Core.Runtime.Tests", "Unity.RenderPipelines.Core.Runtime.Tests.csproj", "{7F188584-0597-5D3C-CAAB-B524D5A07851}"
EndProject
Project("{FAE04EC0-301F-11D3-BF4B-00C04F79EFBC}") = "Unity.RenderPipelines.Universal.Runtime", "Unity.RenderPipelines.Universal.Runtime.csproj", "{A1216284-9A0E-1417-C109-DFB14E60CC06}"
EndProject
Project("{FAE04EC0-301F-11D3-BF4B-00C04F79EFBC}") = "Assembly-CSharp-Editor", "Assembly-CSharp-Editor.csproj", "{F82A2A6F-C112-8F4E-1017-96A1915E7488}"
EndProject
Project("{FAE04EC0-301F-11D3-BF4B-00C04F79EFBC}") = "Unity.PlayableGraphVisualizer.Editor", "Unity.PlayableGraphVisualizer.Editor.csproj", "{08A1BD87-E953-984D-6105-0FBAC917C720}"
EndProject
Project("{FAE04EC0-301F-11D3-BF4B-00C04F79EFBC}") = "UnityEngine.UI.Tests", "UnityEngine.UI.Tests.csproj", "{A3C36B3F-165B-8A41-3FD1-9FD108A4BDF0}"
EndProject
Project("{FAE04EC0-301F-11D3-BF4B-00C04F79EFBC}") = "Google.Play.Games.Editor", "Google.Play.Games.Editor.csproj", "{BC208EE9-9D23-B976-197A-849A78EF251B}"
EndProject
Project("{FAE04EC0-301F-11D3-BF4B-00C04F79EFBC}") = "Unity.2D.Tilemap.Extras.Editor", "Unity.2D.Tilemap.Extras.Editor.csproj", "{692A24AB-DE52-264C-EDDF-D6271C8C7E9E}"
EndProject
Project("{FAE04EC0-301F-11D3-BF4B-00C04F79EFBC}") = "Unity.Mathematics.Tests", "Unity.Mathematics.Tests.csproj", "{8AC27283-2D28-3FA5-A74C-08CEEFF15AFD}"
EndProject
Project("{FAE04EC0-301F-11D3-BF4B-00C04F79EFBC}") = "Unity.TextMeshPro", "Unity.TextMeshPro.csproj", "{6EE28600-C22D-5A9A-8B66-CC820CB28206}"
EndProject
Project("{FAE04EC0-301F-11D3-BF4B-00C04F79EFBC}") = "Unity.TextMeshPro.Editor", "Unity.TextMeshPro.Editor.csproj", "{AA37CAED-F8DE-779F-8B06-984CDA32C25B}"
EndProject
Project("{FAE04EC0-301F-11D3-BF4B-00C04F79EFBC}") = "Google.Play.Games", "Google.Play.Games.csproj", "{90CFAEAE-6C73-1B44-70C2-75CED4D890AF}"
EndProject
Project("{FAE04EC0-301F-11D3-BF4B-00C04F79EFBC}") = "UnityEditor.UI", "UnityEditor.UI.csproj", "{76D0A05A-DEE8-3FAE-B79D-DDE41E891E2F}"
EndProject
Project("{FAE04EC0-301F-11D3-BF4B-00C04F79EFBC}") = "UnityEditor.UI.EditorTests", "UnityEditor.UI.EditorTests.csproj", "{768A1A5B-AED5-A3E4-20B9-06B223EC5E31}"
EndProject
Project("{FAE04EC0-301F-11D3-BF4B-00C04F79EFBC}") = "Unity.RenderPipelines.Universal.Editor.Tests", "Unity.RenderPipelines.Universal.Editor.Tests.csproj", "{14D20F21-C8CD-C5A5-596C-9EDD6E5696ED}"
EndProject
Project("{FAE04EC0-301F-11D3-BF4B-00C04F79EFBC}") = "Unity.InputSystem.ForUI", "Unity.InputSystem.ForUI.csproj", "{05AF1BFB-D846-5C95-F215-CB0C2D36E956}"
EndProject
Project("{FAE04EC0-301F-11D3-BF4B-00C04F79EFBC}") = "CFXRRuntime", "CFXRRuntime.csproj", "{B50FD600-97A7-FE32-F28B-6A85A2E63A19}"
EndProject
Project("{FAE04EC0-301F-11D3-BF4B-00C04F79EFBC}") = "Unity.2D.Tilemap.Extras", "Unity.2D.Tilemap.Extras.csproj", "{8A0FFF12-A5E3-AE7D-8F49-DB6F6C3BF333}"
EndProject
Project("{FAE04EC0-301F-11D3-BF4B-00C04F79EFBC}") = "SingularityGroup.HotReload.Runtime.Public", "SingularityGroup.HotReload.Runtime.Public.csproj", "{580220A5-B0F5-EB39-FF65-037302CA3B45}"
EndProject
Project("{FAE04EC0-301F-11D3-BF4B-00C04F79EFBC}") = "Unity.Mathematics.Editor", "Unity.Mathematics.Editor.csproj", "{D995798C-F21F-7FD8-D82C-0FD67359D087}"
EndProject
Project("{FAE04EC0-301F-11D3-BF4B-00C04F79EFBC}") = "DocCodeExamples", "DocCodeExamples.csproj", "{5E0D5054-3EC1-30D8-56B6-75774B03BEE5}"
EndProject
Project("{FAE04EC0-301F-11D3-BF4B-00C04F79EFBC}") = "CFXREditor", "CFXREditor.csproj", "{4E7C0013-43CE-DD34-D0EC-749FDA1263AC}"
EndProject
Project("{FAE04EC0-301F-11D3-BF4B-00C04F79EFBC}") = "SingularityGroup.HotReload.Runtime", "SingularityGroup.HotReload.Runtime.csproj", "{2983D8FA-2DD3-C99A-3A81-51864850D929}"
EndProject
Project("{FAE04EC0-301F-11D3-BF4B-00C04F79EFBC}") = "Unity.InputSystem.TestFramework", "Unity.InputSystem.TestFramework.csproj", "{D0E73AA2-E674-7A4F-48BF-CD29278B64AA}"
EndProject
Project("{FAE04EC0-301F-11D3-BF4B-00C04F79EFBC}") = "Assembly-CSharp-firstpass", "Assembly-CSharp-firstpass.csproj", "{F8C4C0F7-05C9-4AB9-5205-8FCD584B5384}"
EndProject
Project("{FAE04EC0-301F-11D3-BF4B-00C04F79EFBC}") = "Unity.RenderPipelines.Universal.Runtime.Tests", "Unity.RenderPipelines.Universal.Runtime.Tests.csproj", "{801A66F8-A2FE-62FA-B8DB-234EE8C3D38E}"
EndProject
Project("{FAE04EC0-301F-11D3-BF4B-00C04F79EFBC}") = "Unity.PlayableGraphVisualizer.Tests", "Unity.PlayableGraphVisualizer.Tests.csproj", "{CD70A992-7B74-30AF-7FF9-7791183533D9}"
EndProject
Project("{FAE04EC0-301F-11D3-BF4B-00C04F79EFBC}") = "Unity.2D.Tilemap.Extras.Placeholder.EditorTests", "Unity.2D.Tilemap.Extras.Placeholder.EditorTests.csproj", "{C58EE070-99A7-8066-DBCB-86D473300B3E}"
EndProject
Project("{FAE04EC0-301F-11D3-BF4B-00C04F79EFBC}") = "CFXRDemo", "CFXRDemo.csproj", "{62FD1693-4C82-E6C3-BC26-03E43141BAE2}"
EndProject
Project("{FAE04EC0-301F-11D3-BF4B-00C04F79EFBC}") = "Unity.RenderPipeline.Universal.ShaderLibrary", "Unity.RenderPipeline.Universal.ShaderLibrary.csproj", "{FCAA1342-6E98-EA7E-6F61-DCE8EF9738EC}"
EndProject
Project("{FAE04EC0-301F-11D3-BF4B-00C04F79EFBC}") = "Unity.TextMeshPro.Editor.Tests", "Unity.TextMeshPro.Editor.Tests.csproj", "{279B850C-8EC4-2A17-9EAF-D849ABD3829F}"
EndProject
Project("{FAE04EC0-301F-11D3-BF4B-00C04F79EFBC}") = "TextMeshProEffect.Editor", "TextMeshProEffect.Editor.csproj", "{B9AC4866-C723-C167-6BD9-364DB2028C8D}"
EndProject
Project("{FAE04EC0-301F-11D3-BF4B-00C04F79EFBC}") = "ToonyColorsPro.Demo.Editor", "ToonyColorsPro.Demo.Editor.csproj", "{E8555A55-3096-CEC0-08A3-CFD0AD5D13C4}"
EndProject
Project("{FAE04EC0-301F-11D3-BF4B-00C04F79EFBC}") = "Unity.PlayableGraphVisualizer", "Unity.PlayableGraphVisualizer.csproj", "{4291C57B-B204-D127-BC57-5595D3F7AC41}"
EndProject
Project("{FAE04EC0-301F-11D3-BF4B-00C04F79EFBC}") = "Unity.TextMeshPro.Tests", "Unity.TextMeshPro.Tests.csproj", "{4D249ED1-6741-D039-E039-A0044B5B6015}"
EndProject
Project("{FAE04EC0-301F-11D3-BF4B-00C04F79EFBC}") = "Unity.RenderPipelines.Universal.Shaders", "Unity.RenderPipelines.Universal.Shaders.csproj", "{C94FB050-63B2-D23E-FF0A-85C050F2AFEB}"
EndProject
Project("{FAE04EC0-301F-11D3-BF4B-00C04F79EFBC}") = "Unity.RenderPipelines.Core.Runtime.Shared", "Unity.RenderPipelines.Core.Runtime.Shared.csproj", "{312D3D7E-928B-DD40-3E7F-50AEF2942087}"
EndProject
Project("{FAE04EC0-301F-11D3-BF4B-00C04F79EFBC}") = "KinoBloom.Runtime", "KinoBloom.Runtime.csproj", "{AFD637B5-5069-49A6-5836-8152F4ADAE12}"
EndProject
Project("{FAE04EC0-301F-11D3-BF4B-00C04F79EFBC}") = "Unity.RenderPipelines.Universal.Config.Editor.Tests", "Unity.RenderPipelines.Universal.Config.Editor.Tests.csproj", "{D0912316-F772-D386-1B79-16C0342C5637}"
EndProject
Project("{FAE04EC0-301F-11D3-BF4B-00C04F79EFBC}") = "TextMeshProEffect", "TextMeshProEffect.csproj", "{B7F80E0A-B4C0-7A58-B197-9C07D2FC20E7}"
EndProject
Project("{FAE04EC0-301F-11D3-BF4B-00C04F79EFBC}") = "Unity.InputSystem.IntegrationTests", "Unity.InputSystem.IntegrationTests.csproj", "{099EA3E6-F9C9-8795-F64A-FC4003ED9FC2}"
EndProject
Project("{FAE04EC0-301F-11D3-BF4B-00C04F79EFBC}") = "Unity.RenderPipelines.Universal.Config.Runtime", "Unity.RenderPipelines.Universal.Config.Runtime.csproj", "{B026CAD9-256C-879C-0B15-D8404651702D}"
EndProject
Project("{FAE04EC0-301F-11D3-BF4B-00C04F79EFBC}") = "Unity.RenderPipelines.Core.ShaderLibrary", "Unity.RenderPipelines.Core.ShaderLibrary.csproj", "{192B279D-4D21-020D-7663-C21B51D9DEEA}"
EndProject
Project("{FAE04EC0-301F-11D3-BF4B-00C04F79EFBC}") = "Unity.RenderPipelines.Core.Editor.Shared", "Unity.RenderPipelines.Core.Editor.Shared.csproj", "{235D4B74-87FE-299A-52DB-D1409E1B1833}"
EndProject
Global
	GlobalSection(SolutionConfigurationPlatforms) = preSolution
		Debug|Any CPU = Debug|Any CPU
		Release|Any CPU = Release|Any CPU
	EndGlobalSection
	GlobalSection(ProjectConfigurationPlatforms) = postSolution
		{034901F5-75E0-DD40-5A8F-6808CA525688}.Debug|Any CPU.ActiveCfg = Debug|Any CPU
		{034901F5-75E0-DD40-5A8F-6808CA525688}.Debug|Any CPU.Build.0 = Debug|Any CPU
		{034901F5-75E0-DD40-5A8F-6808CA525688}.Release|Any CPU.ActiveCfg = Release|Any CPU
		{034901F5-75E0-DD40-5A8F-6808CA525688}.Release|Any CPU.Build.0 = Release|Any CPU
		{CC797B40-496E-0112-2EEA-766DC3ED5DDB}.Debug|Any CPU.ActiveCfg = Debug|Any CPU
		{CC797B40-496E-0112-2EEA-766DC3ED5DDB}.Debug|Any CPU.Build.0 = Debug|Any CPU
		{CC797B40-496E-0112-2EEA-766DC3ED5DDB}.Release|Any CPU.ActiveCfg = Release|Any CPU
		{CC797B40-496E-0112-2EEA-766DC3ED5DDB}.Release|Any CPU.Build.0 = Release|Any CPU
		{ABD9AEA7-00EB-3896-9212-762DEBE18234}.Debug|Any CPU.ActiveCfg = Debug|Any CPU
		{ABD9AEA7-00EB-3896-9212-762DEBE18234}.Debug|Any CPU.Build.0 = Debug|Any CPU
		{ABD9AEA7-00EB-3896-9212-762DEBE18234}.Release|Any CPU.ActiveCfg = Release|Any CPU
		{ABD9AEA7-00EB-3896-9212-762DEBE18234}.Release|Any CPU.Build.0 = Release|Any CPU
		{B72676A7-1A61-C50D-0F14-037B81A8FDCF}.Debug|Any CPU.ActiveCfg = Debug|Any CPU
		{B72676A7-1A61-C50D-0F14-037B81A8FDCF}.Debug|Any CPU.Build.0 = Debug|Any CPU
		{B72676A7-1A61-C50D-0F14-037B81A8FDCF}.Release|Any CPU.ActiveCfg = Release|Any CPU
		{B72676A7-1A61-C50D-0F14-037B81A8FDCF}.Release|Any CPU.Build.0 = Release|Any CPU
		{27525BE9-AF8C-112A-D63F-9E7FC34AECC7}.Debug|Any CPU.ActiveCfg = Debug|Any CPU
		{27525BE9-AF8C-112A-D63F-9E7FC34AECC7}.Debug|Any CPU.Build.0 = Debug|Any CPU
		{27525BE9-AF8C-112A-D63F-9E7FC34AECC7}.Release|Any CPU.ActiveCfg = Release|Any CPU
		{27525BE9-AF8C-112A-D63F-9E7FC34AECC7}.Release|Any CPU.Build.0 = Release|Any CPU
		{46EF0F25-3961-FF0F-38EE-CEB0BA60AA92}.Debug|Any CPU.ActiveCfg = Debug|Any CPU
		{46EF0F25-3961-FF0F-38EE-CEB0BA60AA92}.Debug|Any CPU.Build.0 = Debug|Any CPU
		{46EF0F25-3961-FF0F-38EE-CEB0BA60AA92}.Release|Any CPU.ActiveCfg = Release|Any CPU
		{46EF0F25-3961-FF0F-38EE-CEB0BA60AA92}.Release|Any CPU.Build.0 = Release|Any CPU
		{8E3109F6-D583-2F20-8F00-83CAA7491B69}.Debug|Any CPU.ActiveCfg = Debug|Any CPU
		{8E3109F6-D583-2F20-8F00-83CAA7491B69}.Debug|Any CPU.Build.0 = Debug|Any CPU
		{8E3109F6-D583-2F20-8F00-83CAA7491B69}.Release|Any CPU.ActiveCfg = Release|Any CPU
		{8E3109F6-D583-2F20-8F00-83CAA7491B69}.Release|Any CPU.Build.0 = Release|Any CPU
		{BB79D21F-7C85-7C26-5272-6CA8968EDD69}.Debug|Any CPU.ActiveCfg = Debug|Any CPU
		{BB79D21F-7C85-7C26-5272-6CA8968EDD69}.Debug|Any CPU.Build.0 = Debug|Any CPU
		{BB79D21F-7C85-7C26-5272-6CA8968EDD69}.Release|Any CPU.ActiveCfg = Release|Any CPU
		{BB79D21F-7C85-7C26-5272-6CA8968EDD69}.Release|Any CPU.Build.0 = Release|Any CPU
		{B8095D57-1D62-4127-1FE3-A451E8883BA0}.Debug|Any CPU.ActiveCfg = Debug|Any CPU
		{B8095D57-1D62-4127-1FE3-A451E8883BA0}.Debug|Any CPU.Build.0 = Debug|Any CPU
		{B8095D57-1D62-4127-1FE3-A451E8883BA0}.Release|Any CPU.ActiveCfg = Release|Any CPU
		{B8095D57-1D62-4127-1FE3-A451E8883BA0}.Release|Any CPU.Build.0 = Release|Any CPU
		{85B26B3E-DF66-4DD2-2213-893EBD18F77E}.Debug|Any CPU.ActiveCfg = Debug|Any CPU
		{85B26B3E-DF66-4DD2-2213-893EBD18F77E}.Debug|Any CPU.Build.0 = Debug|Any CPU
		{85B26B3E-DF66-4DD2-2213-893EBD18F77E}.Release|Any CPU.ActiveCfg = Release|Any CPU
		{85B26B3E-DF66-4DD2-2213-893EBD18F77E}.Release|Any CPU.Build.0 = Release|Any CPU
		{F29863A7-C832-3464-9021-89235D6B2E89}.Debug|Any CPU.ActiveCfg = Debug|Any CPU
		{F29863A7-C832-3464-9021-89235D6B2E89}.Debug|Any CPU.Build.0 = Debug|Any CPU
		{F29863A7-C832-3464-9021-89235D6B2E89}.Release|Any CPU.ActiveCfg = Release|Any CPU
		{F29863A7-C832-3464-9021-89235D6B2E89}.Release|Any CPU.Build.0 = Release|Any CPU
		{B7369A77-1C48-891E-A02E-98EDAEF7D168}.Debug|Any CPU.ActiveCfg = Debug|Any CPU
		{B7369A77-1C48-891E-A02E-98EDAEF7D168}.Debug|Any CPU.Build.0 = Debug|Any CPU
		{B7369A77-1C48-891E-A02E-98EDAEF7D168}.Release|Any CPU.ActiveCfg = Release|Any CPU
		{B7369A77-1C48-891E-A02E-98EDAEF7D168}.Release|Any CPU.Build.0 = Release|Any CPU
		{1D4F1760-24A9-E8CB-D1BF-97096300EFB1}.Debug|Any CPU.ActiveCfg = Debug|Any CPU
		{1D4F1760-24A9-E8CB-D1BF-97096300EFB1}.Debug|Any CPU.Build.0 = Debug|Any CPU
		{1D4F1760-24A9-E8CB-D1BF-97096300EFB1}.Release|Any CPU.ActiveCfg = Release|Any CPU
		{1D4F1760-24A9-E8CB-D1BF-97096300EFB1}.Release|Any CPU.Build.0 = Release|Any CPU
		{8D62AB21-3828-10F0-9524-D0BB49EBFFD0}.Debug|Any CPU.ActiveCfg = Debug|Any CPU
		{8D62AB21-3828-10F0-9524-D0BB49EBFFD0}.Debug|Any CPU.Build.0 = Debug|Any CPU
		{8D62AB21-3828-10F0-9524-D0BB49EBFFD0}.Release|Any CPU.ActiveCfg = Release|Any CPU
		{8D62AB21-3828-10F0-9524-D0BB49EBFFD0}.Release|Any CPU.Build.0 = Release|Any CPU
		{7F188584-0597-5D3C-CAAB-B524D5A07851}.Debug|Any CPU.ActiveCfg = Debug|Any CPU
		{7F188584-0597-5D3C-CAAB-B524D5A07851}.Debug|Any CPU.Build.0 = Debug|Any CPU
		{7F188584-0597-5D3C-CAAB-B524D5A07851}.Release|Any CPU.ActiveCfg = Release|Any CPU
		{7F188584-0597-5D3C-CAAB-B524D5A07851}.Release|Any CPU.Build.0 = Release|Any CPU
		{A1216284-9A0E-1417-C109-DFB14E60CC06}.Debug|Any CPU.ActiveCfg = Debug|Any CPU
		{A1216284-9A0E-1417-C109-DFB14E60CC06}.Debug|Any CPU.Build.0 = Debug|Any CPU
		{A1216284-9A0E-1417-C109-DFB14E60CC06}.Release|Any CPU.ActiveCfg = Release|Any CPU
		{A1216284-9A0E-1417-C109-DFB14E60CC06}.Release|Any CPU.Build.0 = Release|Any CPU
		{F82A2A6F-C112-8F4E-1017-96A1915E7488}.Debug|Any CPU.ActiveCfg = Debug|Any CPU
		{F82A2A6F-C112-8F4E-1017-96A1915E7488}.Debug|Any CPU.Build.0 = Debug|Any CPU
		{F82A2A6F-C112-8F4E-1017-96A1915E7488}.Release|Any CPU.ActiveCfg = Release|Any CPU
		{F82A2A6F-C112-8F4E-1017-96A1915E7488}.Release|Any CPU.Build.0 = Release|Any CPU
		{08A1BD87-E953-984D-6105-0FBAC917C720}.Debug|Any CPU.ActiveCfg = Debug|Any CPU
		{08A1BD87-E953-984D-6105-0FBAC917C720}.Debug|Any CPU.Build.0 = Debug|Any CPU
		{08A1BD87-E953-984D-6105-0FBAC917C720}.Release|Any CPU.ActiveCfg = Release|Any CPU
		{08A1BD87-E953-984D-6105-0FBAC917C720}.Release|Any CPU.Build.0 = Release|Any CPU
		{A3C36B3F-165B-8A41-3FD1-9FD108A4BDF0}.Debug|Any CPU.ActiveCfg = Debug|Any CPU
		{A3C36B3F-165B-8A41-3FD1-9FD108A4BDF0}.Debug|Any CPU.Build.0 = Debug|Any CPU
		{A3C36B3F-165B-8A41-3FD1-9FD108A4BDF0}.Release|Any CPU.ActiveCfg = Release|Any CPU
		{A3C36B3F-165B-8A41-3FD1-9FD108A4BDF0}.Release|Any CPU.Build.0 = Release|Any CPU
		{BC208EE9-9D23-B976-197A-849A78EF251B}.Debug|Any CPU.ActiveCfg = Debug|Any CPU
		{BC208EE9-9D23-B976-197A-849A78EF251B}.Debug|Any CPU.Build.0 = Debug|Any CPU
		{BC208EE9-9D23-B976-197A-849A78EF251B}.Release|Any CPU.ActiveCfg = Release|Any CPU
		{BC208EE9-9D23-B976-197A-849A78EF251B}.Release|Any CPU.Build.0 = Release|Any CPU
		{692A24AB-DE52-264C-EDDF-D6271C8C7E9E}.Debug|Any CPU.ActiveCfg = Debug|Any CPU
		{692A24AB-DE52-264C-EDDF-D6271C8C7E9E}.Debug|Any CPU.Build.0 = Debug|Any CPU
		{692A24AB-DE52-264C-EDDF-D6271C8C7E9E}.Release|Any CPU.ActiveCfg = Release|Any CPU
		{692A24AB-DE52-264C-EDDF-D6271C8C7E9E}.Release|Any CPU.Build.0 = Release|Any CPU
		{8AC27283-2D28-3FA5-A74C-08CEEFF15AFD}.Debug|Any CPU.ActiveCfg = Debug|Any CPU
		{8AC27283-2D28-3FA5-A74C-08CEEFF15AFD}.Debug|Any CPU.Build.0 = Debug|Any CPU
		{8AC27283-2D28-3FA5-A74C-08CEEFF15AFD}.Release|Any CPU.ActiveCfg = Release|Any CPU
		{8AC27283-2D28-3FA5-A74C-08CEEFF15AFD}.Release|Any CPU.Build.0 = Release|Any CPU
		{6EE28600-C22D-5A9A-8B66-CC820CB28206}.Debug|Any CPU.ActiveCfg = Debug|Any CPU
		{6EE28600-C22D-5A9A-8B66-CC820CB28206}.Debug|Any CPU.Build.0 = Debug|Any CPU
		{6EE28600-C22D-5A9A-8B66-CC820CB28206}.Release|Any CPU.ActiveCfg = Release|Any CPU
		{6EE28600-C22D-5A9A-8B66-CC820CB28206}.Release|Any CPU.Build.0 = Release|Any CPU
		{AA37CAED-F8DE-779F-8B06-984CDA32C25B}.Debug|Any CPU.ActiveCfg = Debug|Any CPU
		{AA37CAED-F8DE-779F-8B06-984CDA32C25B}.Debug|Any CPU.Build.0 = Debug|Any CPU
		{AA37CAED-F8DE-779F-8B06-984CDA32C25B}.Release|Any CPU.ActiveCfg = Release|Any CPU
		{AA37CAED-F8DE-779F-8B06-984CDA32C25B}.Release|Any CPU.Build.0 = Release|Any CPU
		{90CFAEAE-6C73-1B44-70C2-75CED4D890AF}.Debug|Any CPU.ActiveCfg = Debug|Any CPU
		{90CFAEAE-6C73-1B44-70C2-75CED4D890AF}.Debug|Any CPU.Build.0 = Debug|Any CPU
		{90CFAEAE-6C73-1B44-70C2-75CED4D890AF}.Release|Any CPU.ActiveCfg = Release|Any CPU
		{90CFAEAE-6C73-1B44-70C2-75CED4D890AF}.Release|Any CPU.Build.0 = Release|Any CPU
		{76D0A05A-DEE8-3FAE-B79D-DDE41E891E2F}.Debug|Any CPU.ActiveCfg = Debug|Any CPU
		{76D0A05A-DEE8-3FAE-B79D-DDE41E891E2F}.Debug|Any CPU.Build.0 = Debug|Any CPU
		{76D0A05A-DEE8-3FAE-B79D-DDE41E891E2F}.Release|Any CPU.ActiveCfg = Release|Any CPU
		{76D0A05A-DEE8-3FAE-B79D-DDE41E891E2F}.Release|Any CPU.Build.0 = Release|Any CPU
		{768A1A5B-AED5-A3E4-20B9-06B223EC5E31}.Debug|Any CPU.ActiveCfg = Debug|Any CPU
		{768A1A5B-AED5-A3E4-20B9-06B223EC5E31}.Debug|Any CPU.Build.0 = Debug|Any CPU
		{768A1A5B-AED5-A3E4-20B9-06B223EC5E31}.Release|Any CPU.ActiveCfg = Release|Any CPU
		{768A1A5B-AED5-A3E4-20B9-06B223EC5E31}.Release|Any CPU.Build.0 = Release|Any CPU
		{14D20F21-C8CD-C5A5-596C-9EDD6E5696ED}.Debug|Any CPU.ActiveCfg = Debug|Any CPU
		{14D20F21-C8CD-C5A5-596C-9EDD6E5696ED}.Debug|Any CPU.Build.0 = Debug|Any CPU
		{14D20F21-C8CD-C5A5-596C-9EDD6E5696ED}.Release|Any CPU.ActiveCfg = Release|Any CPU
		{14D20F21-C8CD-C5A5-596C-9EDD6E5696ED}.Release|Any CPU.Build.0 = Release|Any CPU
		{05AF1BFB-D846-5C95-F215-CB0C2D36E956}.Debug|Any CPU.ActiveCfg = Debug|Any CPU
		{05AF1BFB-D846-5C95-F215-CB0C2D36E956}.Debug|Any CPU.Build.0 = Debug|Any CPU
		{05AF1BFB-D846-5C95-F215-CB0C2D36E956}.Release|Any CPU.ActiveCfg = Release|Any CPU
		{05AF1BFB-D846-5C95-F215-CB0C2D36E956}.Release|Any CPU.Build.0 = Release|Any CPU
		{B50FD600-97A7-FE32-F28B-6A85A2E63A19}.Debug|Any CPU.ActiveCfg = Debug|Any CPU
		{B50FD600-97A7-FE32-F28B-6A85A2E63A19}.Debug|Any CPU.Build.0 = Debug|Any CPU
		{B50FD600-97A7-FE32-F28B-6A85A2E63A19}.Release|Any CPU.ActiveCfg = Release|Any CPU
		{B50FD600-97A7-FE32-F28B-6A85A2E63A19}.Release|Any CPU.Build.0 = Release|Any CPU
		{8A0FFF12-A5E3-AE7D-8F49-DB6F6C3BF333}.Debug|Any CPU.ActiveCfg = Debug|Any CPU
		{8A0FFF12-A5E3-AE7D-8F49-DB6F6C3BF333}.Debug|Any CPU.Build.0 = Debug|Any CPU
		{8A0FFF12-A5E3-AE7D-8F49-DB6F6C3BF333}.Release|Any CPU.ActiveCfg = Release|Any CPU
		{8A0FFF12-A5E3-AE7D-8F49-DB6F6C3BF333}.Release|Any CPU.Build.0 = Release|Any CPU
		{580220A5-B0F5-EB39-FF65-037302CA3B45}.Debug|Any CPU.ActiveCfg = Debug|Any CPU
		{580220A5-B0F5-EB39-FF65-037302CA3B45}.Debug|Any CPU.Build.0 = Debug|Any CPU
		{580220A5-B0F5-EB39-FF65-037302CA3B45}.Release|Any CPU.ActiveCfg = Release|Any CPU
		{580220A5-B0F5-EB39-FF65-037302CA3B45}.Release|Any CPU.Build.0 = Release|Any CPU
		{D995798C-F21F-7FD8-D82C-0FD67359D087}.Debug|Any CPU.ActiveCfg = Debug|Any CPU
		{D995798C-F21F-7FD8-D82C-0FD67359D087}.Debug|Any CPU.Build.0 = Debug|Any CPU
		{D995798C-F21F-7FD8-D82C-0FD67359D087}.Release|Any CPU.ActiveCfg = Release|Any CPU
		{D995798C-F21F-7FD8-D82C-0FD67359D087}.Release|Any CPU.Build.0 = Release|Any CPU
		{5E0D5054-3EC1-30D8-56B6-75774B03BEE5}.Debug|Any CPU.ActiveCfg = Debug|Any CPU
		{5E0D5054-3EC1-30D8-56B6-75774B03BEE5}.Debug|Any CPU.Build.0 = Debug|Any CPU
		{5E0D5054-3EC1-30D8-56B6-75774B03BEE5}.Release|Any CPU.ActiveCfg = Release|Any CPU
		{5E0D5054-3EC1-30D8-56B6-75774B03BEE5}.Release|Any CPU.Build.0 = Release|Any CPU
		{4E7C0013-43CE-DD34-D0EC-749FDA1263AC}.Debug|Any CPU.ActiveCfg = Debug|Any CPU
		{4E7C0013-43CE-DD34-D0EC-749FDA1263AC}.Debug|Any CPU.Build.0 = Debug|Any CPU
		{4E7C0013-43CE-DD34-D0EC-749FDA1263AC}.Release|Any CPU.ActiveCfg = Release|Any CPU
		{4E7C0013-43CE-DD34-D0EC-749FDA1263AC}.Release|Any CPU.Build.0 = Release|Any CPU
		{2983D8FA-2DD3-C99A-3A81-51864850D929}.Debug|Any CPU.ActiveCfg = Debug|Any CPU
		{2983D8FA-2DD3-C99A-3A81-51864850D929}.Debug|Any CPU.Build.0 = Debug|Any CPU
		{2983D8FA-2DD3-C99A-3A81-51864850D929}.Release|Any CPU.ActiveCfg = Release|Any CPU
		{2983D8FA-2DD3-C99A-3A81-51864850D929}.Release|Any CPU.Build.0 = Release|Any CPU
		{D0E73AA2-E674-7A4F-48BF-CD29278B64AA}.Debug|Any CPU.ActiveCfg = Debug|Any CPU
		{D0E73AA2-E674-7A4F-48BF-CD29278B64AA}.Debug|Any CPU.Build.0 = Debug|Any CPU
		{D0E73AA2-E674-7A4F-48BF-CD29278B64AA}.Release|Any CPU.ActiveCfg = Release|Any CPU
		{D0E73AA2-E674-7A4F-48BF-CD29278B64AA}.Release|Any CPU.Build.0 = Release|Any CPU
		{F8C4C0F7-05C9-4AB9-5205-8FCD584B5384}.Debug|Any CPU.ActiveCfg = Debug|Any CPU
		{F8C4C0F7-05C9-4AB9-5205-8FCD584B5384}.Debug|Any CPU.Build.0 = Debug|Any CPU
		{F8C4C0F7-05C9-4AB9-5205-8FCD584B5384}.Release|Any CPU.ActiveCfg = Release|Any CPU
		{F8C4C0F7-05C9-4AB9-5205-8FCD584B5384}.Release|Any CPU.Build.0 = Release|Any CPU
		{801A66F8-A2FE-62FA-B8DB-234EE8C3D38E}.Debug|Any CPU.ActiveCfg = Debug|Any CPU
		{801A66F8-A2FE-62FA-B8DB-234EE8C3D38E}.Debug|Any CPU.Build.0 = Debug|Any CPU
		{801A66F8-A2FE-62FA-B8DB-234EE8C3D38E}.Release|Any CPU.ActiveCfg = Release|Any CPU
		{801A66F8-A2FE-62FA-B8DB-234EE8C3D38E}.Release|Any CPU.Build.0 = Release|Any CPU
		{CD70A992-7B74-30AF-7FF9-7791183533D9}.Debug|Any CPU.ActiveCfg = Debug|Any CPU
		{CD70A992-7B74-30AF-7FF9-7791183533D9}.Debug|Any CPU.Build.0 = Debug|Any CPU
		{CD70A992-7B74-30AF-7FF9-7791183533D9}.Release|Any CPU.ActiveCfg = Release|Any CPU
		{CD70A992-7B74-30AF-7FF9-7791183533D9}.Release|Any CPU.Build.0 = Release|Any CPU
		{C58EE070-99A7-8066-DBCB-86D473300B3E}.Debug|Any CPU.ActiveCfg = Debug|Any CPU
		{C58EE070-99A7-8066-DBCB-86D473300B3E}.Debug|Any CPU.Build.0 = Debug|Any CPU
		{C58EE070-99A7-8066-DBCB-86D473300B3E}.Release|Any CPU.ActiveCfg = Release|Any CPU
		{C58EE070-99A7-8066-DBCB-86D473300B3E}.Release|Any CPU.Build.0 = Release|Any CPU
		{62FD1693-4C82-E6C3-BC26-03E43141BAE2}.Debug|Any CPU.ActiveCfg = Debug|Any CPU
		{62FD1693-4C82-E6C3-BC26-03E43141BAE2}.Debug|Any CPU.Build.0 = Debug|Any CPU
		{62FD1693-4C82-E6C3-BC26-03E43141BAE2}.Release|Any CPU.ActiveCfg = Release|Any CPU
		{62FD1693-4C82-E6C3-BC26-03E43141BAE2}.Release|Any CPU.Build.0 = Release|Any CPU
		{FCAA1342-6E98-EA7E-6F61-DCE8EF9738EC}.Debug|Any CPU.ActiveCfg = Debug|Any CPU
		{FCAA1342-6E98-EA7E-6F61-DCE8EF9738EC}.Debug|Any CPU.Build.0 = Debug|Any CPU
		{FCAA1342-6E98-EA7E-6F61-DCE8EF9738EC}.Release|Any CPU.ActiveCfg = Release|Any CPU
		{FCAA1342-6E98-EA7E-6F61-DCE8EF9738EC}.Release|Any CPU.Build.0 = Release|Any CPU
		{279B850C-8EC4-2A17-9EAF-D849ABD3829F}.Debug|Any CPU.ActiveCfg = Debug|Any CPU
		{279B850C-8EC4-2A17-9EAF-D849ABD3829F}.Debug|Any CPU.Build.0 = Debug|Any CPU
		{279B850C-8EC4-2A17-9EAF-D849ABD3829F}.Release|Any CPU.ActiveCfg = Release|Any CPU
		{279B850C-8EC4-2A17-9EAF-D849ABD3829F}.Release|Any CPU.Build.0 = Release|Any CPU
		{B9AC4866-C723-C167-6BD9-364DB2028C8D}.Debug|Any CPU.ActiveCfg = Debug|Any CPU
		{B9AC4866-C723-C167-6BD9-364DB2028C8D}.Debug|Any CPU.Build.0 = Debug|Any CPU
		{B9AC4866-C723-C167-6BD9-364DB2028C8D}.Release|Any CPU.ActiveCfg = Release|Any CPU
		{B9AC4866-C723-C167-6BD9-364DB2028C8D}.Release|Any CPU.Build.0 = Release|Any CPU
		{E8555A55-3096-CEC0-08A3-CFD0AD5D13C4}.Debug|Any CPU.ActiveCfg = Debug|Any CPU
		{E8555A55-3096-CEC0-08A3-CFD0AD5D13C4}.Debug|Any CPU.Build.0 = Debug|Any CPU
		{E8555A55-3096-CEC0-08A3-CFD0AD5D13C4}.Release|Any CPU.ActiveCfg = Release|Any CPU
		{E8555A55-3096-CEC0-08A3-CFD0AD5D13C4}.Release|Any CPU.Build.0 = Release|Any CPU
		{4291C57B-B204-D127-BC57-5595D3F7AC41}.Debug|Any CPU.ActiveCfg = Debug|Any CPU
		{4291C57B-B204-D127-BC57-5595D3F7AC41}.Debug|Any CPU.Build.0 = Debug|Any CPU
		{4291C57B-B204-D127-BC57-5595D3F7AC41}.Release|Any CPU.ActiveCfg = Release|Any CPU
		{4291C57B-B204-D127-BC57-5595D3F7AC41}.Release|Any CPU.Build.0 = Release|Any CPU
		{4D249ED1-6741-D039-E039-A0044B5B6015}.Debug|Any CPU.ActiveCfg = Debug|Any CPU
		{4D249ED1-6741-D039-E039-A0044B5B6015}.Debug|Any CPU.Build.0 = Debug|Any CPU
		{4D249ED1-6741-D039-E039-A0044B5B6015}.Release|Any CPU.ActiveCfg = Release|Any CPU
		{4D249ED1-6741-D039-E039-A0044B5B6015}.Release|Any CPU.Build.0 = Release|Any CPU
		{C94FB050-63B2-D23E-FF0A-85C050F2AFEB}.Debug|Any CPU.ActiveCfg = Debug|Any CPU
		{C94FB050-63B2-D23E-FF0A-85C050F2AFEB}.Debug|Any CPU.Build.0 = Debug|Any CPU
		{C94FB050-63B2-D23E-FF0A-85C050F2AFEB}.Release|Any CPU.ActiveCfg = Release|Any CPU
		{C94FB050-63B2-D23E-FF0A-85C050F2AFEB}.Release|Any CPU.Build.0 = Release|Any CPU
		{312D3D7E-928B-DD40-3E7F-50AEF2942087}.Debug|Any CPU.ActiveCfg = Debug|Any CPU
		{312D3D7E-928B-DD40-3E7F-50AEF2942087}.Debug|Any CPU.Build.0 = Debug|Any CPU
		{312D3D7E-928B-DD40-3E7F-50AEF2942087}.Release|Any CPU.ActiveCfg = Release|Any CPU
		{312D3D7E-928B-DD40-3E7F-50AEF2942087}.Release|Any CPU.Build.0 = Release|Any CPU
		{AFD637B5-5069-49A6-5836-8152F4ADAE12}.Debug|Any CPU.ActiveCfg = Debug|Any CPU
		{AFD637B5-5069-49A6-5836-8152F4ADAE12}.Debug|Any CPU.Build.0 = Debug|Any CPU
		{AFD637B5-5069-49A6-5836-8152F4ADAE12}.Release|Any CPU.ActiveCfg = Release|Any CPU
		{AFD637B5-5069-49A6-5836-8152F4ADAE12}.Release|Any CPU.Build.0 = Release|Any CPU
		{D0912316-F772-D386-1B79-16C0342C5637}.Debug|Any CPU.ActiveCfg = Debug|Any CPU
		{D0912316-F772-D386-1B79-16C0342C5637}.Debug|Any CPU.Build.0 = Debug|Any CPU
		{D0912316-F772-D386-1B79-16C0342C5637}.Release|Any CPU.ActiveCfg = Release|Any CPU
		{D0912316-F772-D386-1B79-16C0342C5637}.Release|Any CPU.Build.0 = Release|Any CPU
		{B7F80E0A-B4C0-7A58-B197-9C07D2FC20E7}.Debug|Any CPU.ActiveCfg = Debug|Any CPU
		{B7F80E0A-B4C0-7A58-B197-9C07D2FC20E7}.Debug|Any CPU.Build.0 = Debug|Any CPU
		{B7F80E0A-B4C0-7A58-B197-9C07D2FC20E7}.Release|Any CPU.ActiveCfg = Release|Any CPU
		{B7F80E0A-B4C0-7A58-B197-9C07D2FC20E7}.Release|Any CPU.Build.0 = Release|Any CPU
		{099EA3E6-F9C9-8795-F64A-FC4003ED9FC2}.Debug|Any CPU.ActiveCfg = Debug|Any CPU
		{099EA3E6-F9C9-8795-F64A-FC4003ED9FC2}.Debug|Any CPU.Build.0 = Debug|Any CPU
		{099EA3E6-F9C9-8795-F64A-FC4003ED9FC2}.Release|Any CPU.ActiveCfg = Release|Any CPU
		{099EA3E6-F9C9-8795-F64A-FC4003ED9FC2}.Release|Any CPU.Build.0 = Release|Any CPU
		{B026CAD9-256C-879C-0B15-D8404651702D}.Debug|Any CPU.ActiveCfg = Debug|Any CPU
		{B026CAD9-256C-879C-0B15-D8404651702D}.Debug|Any CPU.Build.0 = Debug|Any CPU
		{B026CAD9-256C-879C-0B15-D8404651702D}.Release|Any CPU.ActiveCfg = Release|Any CPU
		{B026CAD9-256C-879C-0B15-D8404651702D}.Release|Any CPU.Build.0 = Release|Any CPU
		{192B279D-4D21-020D-7663-C21B51D9DEEA}.Debug|Any CPU.ActiveCfg = Debug|Any CPU
		{192B279D-4D21-020D-7663-C21B51D9DEEA}.Debug|Any CPU.Build.0 = Debug|Any CPU
		{192B279D-4D21-020D-7663-C21B51D9DEEA}.Release|Any CPU.ActiveCfg = Release|Any CPU
		{192B279D-4D21-020D-7663-C21B51D9DEEA}.Release|Any CPU.Build.0 = Release|Any CPU
		{235D4B74-87FE-299A-52DB-D1409E1B1833}.Debug|Any CPU.ActiveCfg = Debug|Any CPU
		{235D4B74-87FE-299A-52DB-D1409E1B1833}.Debug|Any CPU.Build.0 = Debug|Any CPU
		{235D4B74-87FE-299A-52DB-D1409E1B1833}.Release|Any CPU.ActiveCfg = Release|Any CPU
		{235D4B74-87FE-299A-52DB-D1409E1B1833}.Release|Any CPU.Build.0 = Release|Any CPU
	EndGlobalSection
	GlobalSection(SolutionProperties) = preSolution
		HideSolutionNode = FALSE
	EndGlobalSection
EndGlobal
