
Microsoft Visual Studio Solution File, Format Version 11.00
# Visual Studio 2010
Project("{FAE04EC0-301F-11D3-BF4B-00C04F79EFBC}") = "Unity.Timeline", "Unity.Timeline.csproj", "{f5014903-e075-40dd-5a8f-6808ca525688}"
EndProject
Project("{FAE04EC0-301F-11D3-BF4B-00C04F79EFBC}") = "Unity.InputSystem", "Unity.InputSystem.csproj", "{60174f1d-a924-cbe8-d1bf-97096300efb1}"
EndProject
Project("{FAE04EC0-301F-11D3-BF4B-00C04F79EFBC}") = "Assembly-CSharp", "Assembly-CSharp.csproj", "{a7aed9ab-eb00-9638-9212-762debe18234}"
EndProject
Project("{FAE04EC0-301F-11D3-BF4B-00C04F79EFBC}") = "Unity.RenderPipelines.GPUDriven.Runtime", "Unity.RenderPipelines.GPUDriven.Runtime.csproj", "{407b79cc-6e49-1201-2eea-766dc3ed5ddb}"
EndProject
Project("{FAE04EC0-301F-11D3-BF4B-00C04F79EFBC}") = "Unity.RenderPipelines.Core.Runtime", "Unity.RenderPipelines.Core.Runtime.csproj", "{a77626b7-611a-0dc5-0f14-037b81a8fdcf}"
EndProject
Project("{FAE04EC0-301F-11D3-BF4B-00C04F79EFBC}") = "Unity.Mathematics", "Unity.Mathematics.csproj", "{e95b5227-8caf-2a11-d63f-9e7fc34aecc7}"
EndProject
Project("{FAE04EC0-301F-11D3-BF4B-00C04F79EFBC}") = "Unity.Timeline.Editor", "Unity.Timeline.Editor.csproj", "{250fef46-6139-0fff-38ee-ceb0ba60aa92}"
EndProject
Project("{FAE04EC0-301F-11D3-BF4B-00C04F79EFBC}") = "Unity.2D.Psdimporter.Editor", "Unity.2D.Psdimporter.Editor.csproj", "{723c2efb-cda1-eea0-3fc6-c16c9109b303}"
EndProject
Project("{FAE04EC0-301F-11D3-BF4B-00C04F79EFBC}") = "UnityEngine.UI", "UnityEngine.UI.csproj", "{575d09b8-621d-2741-1fe3-a451e8883ba0}"
EndProject
Project("{FAE04EC0-301F-11D3-BF4B-00C04F79EFBC}") = "Unity.RenderPipelines.Core.Editor", "Unity.RenderPipelines.Core.Editor.csproj", "{3e6bb285-66df-d24d-2213-893ebd18f77e}"
EndProject
Project("{FAE04EC0-301F-11D3-BF4B-00C04F79EFBC}") = "Unity.RenderPipelines.Universal.2D.Runtime", "Unity.RenderPipelines.Universal.2D.Runtime.csproj", "{a76398f2-32c8-6434-9021-89235d6b2e89}"
EndProject
Project("{FAE04EC0-301F-11D3-BF4B-00C04F79EFBC}") = "Unity.RenderPipelines.Universal.Editor", "Unity.RenderPipelines.Universal.Editor.csproj", "{779a36b7-481c-1e89-a02e-98edaef7d168}"
EndProject
Project("{FAE04EC0-301F-11D3-BF4B-00C04F79EFBC}") = "Unity.2D.IK.Runtime", "Unity.2D.IK.Runtime.csproj", "{8bbf3884-430a-65c0-15e3-61627e25ada9}"
EndProject
Project("{FAE04EC0-301F-11D3-BF4B-00C04F79EFBC}") = "Unity.PlayableGraphVisualizer.Editor", "Unity.PlayableGraphVisualizer.Editor.csproj", "{87bda108-53e9-4d98-6105-0fbac917c720}"
EndProject
Project("{FAE04EC0-301F-11D3-BF4B-00C04F79EFBC}") = "PPv2URPConverters", "PPv2URPConverters.csproj", "{21ab628d-2838-f010-9524-d0bb49ebffd0}"
EndProject
Project("{FAE04EC0-301F-11D3-BF4B-00C04F79EFBC}") = "Unity.2D.Animation.Editor", "Unity.2D.Animation.Editor.csproj", "{c7270e9b-46ba-041b-6b6c-ea1a7dae914a}"
EndProject
Project("{FAE04EC0-301F-11D3-BF4B-00C04F79EFBC}") = "Assembly-CSharp-Editor", "Assembly-CSharp-Editor.csproj", "{6f2a2af8-12c1-4e8f-1017-96a1915e7488}"
EndProject
Project("{FAE04EC0-301F-11D3-BF4B-00C04F79EFBC}") = "Unity.RenderPipelines.Universal.Editor.Tests", "Unity.RenderPipelines.Universal.Editor.Tests.csproj", "{210fd214-cdc8-a5c5-596c-9edd6e5696ed}"
EndProject
Project("{FAE04EC0-301F-11D3-BF4B-00C04F79EFBC}") = "Unity.RenderPipelines.Universal.Runtime", "Unity.RenderPipelines.Universal.Runtime.csproj", "{846221a1-0e9a-1714-c109-dfb14e60cc06}"
EndProject
Project("{FAE04EC0-301F-11D3-BF4B-00C04F79EFBC}") = "UnityEngine.UI.Tests", "UnityEngine.UI.Tests.csproj", "{3f6bc3a3-5b16-418a-3fd1-9fd108a4bdf0}"
EndProject
Project("{FAE04EC0-301F-11D3-BF4B-00C04F79EFBC}") = "Unity.2D.Tilemap.Extras.Editor", "Unity.2D.Tilemap.Extras.Editor.csproj", "{ab242a69-52de-4c26-eddf-d6271c8c7e9e}"
EndProject
Project("{FAE04EC0-301F-11D3-BF4B-00C04F79EFBC}") = "Unity.Mathematics.Tests", "Unity.Mathematics.Tests.csproj", "{8372c28a-282d-a53f-a74c-08ceeff15afd}"
EndProject
Project("{FAE04EC0-301F-11D3-BF4B-00C04F79EFBC}") = "Unity.TextMeshPro", "Unity.TextMeshPro.csproj", "{0086e26e-2dc2-9a5a-8b66-cc820cb28206}"
EndProject
Project("{FAE04EC0-301F-11D3-BF4B-00C04F79EFBC}") = "Unity.TextMeshPro.Editor", "Unity.TextMeshPro.Editor.csproj", "{edca37aa-def8-9f77-8b06-984cda32c25b}"
EndProject
Project("{FAE04EC0-301F-11D3-BF4B-00C04F79EFBC}") = "PsdPlugin", "PsdPlugin.csproj", "{18f8b18e-b8b1-1189-1412-fb38b1a3d145}"
EndProject
Project("{FAE04EC0-301F-11D3-BF4B-00C04F79EFBC}") = "Unity.2D.IK.Editor", "Unity.2D.IK.Editor.csproj", "{476a302b-820f-e413-6a9d-3ab64f277ce4}"
EndProject
Project("{FAE04EC0-301F-11D3-BF4B-00C04F79EFBC}") = "UnityEditor.UI", "UnityEditor.UI.csproj", "{5aa0d076-e8de-ae3f-b79d-dde41e891e2f}"
EndProject
Project("{FAE04EC0-301F-11D3-BF4B-00C04F79EFBC}") = "UnityEditor.UI.EditorTests", "UnityEditor.UI.EditorTests.csproj", "{5b1a8a76-d5ae-e4a3-20b9-06b223ec5e31}"
EndProject
Project("{FAE04EC0-301F-11D3-BF4B-00C04F79EFBC}") = "Unity.RenderPipelines.Core.Editor.Tests", "Unity.RenderPipelines.Core.Editor.Tests.csproj", "{f609318e-83d5-202f-8f00-83caa7491b69}"
EndProject
Project("{FAE04EC0-301F-11D3-BF4B-00C04F79EFBC}") = "Unity.RenderPipelines.Core.Runtime.Tests", "Unity.RenderPipelines.Core.Runtime.Tests.csproj", "{8485187f-9705-3c5d-caab-b524d5a07851}"
EndProject
Project("{FAE04EC0-301F-11D3-BF4B-00C04F79EFBC}") = "Unity.InputSystem.ForUI", "Unity.InputSystem.ForUI.csproj", "{fb1baf05-46d8-955c-f215-cb0c2d36e956}"
EndProject
Project("{FAE04EC0-301F-11D3-BF4B-00C04F79EFBC}") = "Unity.2D.Animation.EditorTests", "Unity.2D.Animation.EditorTests.csproj", "{9ed30cee-2757-f35f-9a14-b06a3f754f79}"
EndProject
Project("{FAE04EC0-301F-11D3-BF4B-00C04F79EFBC}") = "CFXRRuntime", "CFXRRuntime.csproj", "{00d60fb5-a797-32fe-f28b-6a85a2e63a19}"
EndProject
Project("{FAE04EC0-301F-11D3-BF4B-00C04F79EFBC}") = "Unity.2D.Tilemap.Extras", "Unity.2D.Tilemap.Extras.csproj", "{12ff0f8a-e3a5-7dae-8f49-db6f6c3bf333}"
EndProject
Project("{FAE04EC0-301F-11D3-BF4B-00C04F79EFBC}") = "Unity.2D.Animation.Runtime", "Unity.2D.Animation.Runtime.csproj", "{88b6687a-316f-0235-d527-3bdd069d8858}"
EndProject
Project("{FAE04EC0-301F-11D3-BF4B-00C04F79EFBC}") = "Unity.Mathematics.Editor", "Unity.Mathematics.Editor.csproj", "{8c7995d9-1ff2-d87f-d82c-0fd67359d087}"
EndProject
Project("{FAE04EC0-301F-11D3-BF4B-00C04F79EFBC}") = "DocCodeExamples", "DocCodeExamples.csproj", "{54500d5e-c13e-d830-56b6-75774b03bee5}"
EndProject
Project("{FAE04EC0-301F-11D3-BF4B-00C04F79EFBC}") = "CFXREditor", "CFXREditor.csproj", "{13007c4e-ce43-34dd-d0ec-749fda1263ac}"
EndProject
Project("{FAE04EC0-301F-11D3-BF4B-00C04F79EFBC}") = "Unity.PlayableGraphVisualizer.Tests", "Unity.PlayableGraphVisualizer.Tests.csproj", "{92a970cd-747b-af30-7ff9-7791183533d9}"
EndProject
Project("{FAE04EC0-301F-11D3-BF4B-00C04F79EFBC}") = "Unity.RenderPipelines.Universal.Runtime.Tests", "Unity.RenderPipelines.Universal.Runtime.Tests.csproj", "{f8661a80-fea2-fa62-b8db-234ee8c3d38e}"
EndProject
Project("{FAE04EC0-301F-11D3-BF4B-00C04F79EFBC}") = "Unity.2D.Tilemap.Extras.Placeholder.EditorTests", "Unity.2D.Tilemap.Extras.Placeholder.EditorTests.csproj", "{70e08ec5-a799-6680-dbcb-86d473300b3e}"
EndProject
Project("{FAE04EC0-301F-11D3-BF4B-00C04F79EFBC}") = "CFXRDemo", "CFXRDemo.csproj", "{9316fd62-824c-c3e6-bc26-03e43141bae2}"
EndProject
Project("{FAE04EC0-301F-11D3-BF4B-00C04F79EFBC}") = "Unity.RenderPipeline.Universal.ShaderLibrary", "Unity.RenderPipeline.Universal.ShaderLibrary.csproj", "{4213aafc-986e-7eea-6f61-dce8ef9738ec}"
EndProject
Project("{FAE04EC0-301F-11D3-BF4B-00C04F79EFBC}") = "Unity.TextMeshPro.Editor.Tests", "Unity.TextMeshPro.Editor.Tests.csproj", "{0c859b27-c48e-172a-9eaf-d849abd3829f}"
EndProject
Project("{FAE04EC0-301F-11D3-BF4B-00C04F79EFBC}") = "TextMeshProEffect.Editor", "TextMeshProEffect.Editor.csproj", "{6648acb9-23c7-67c1-6bd9-364db2028c8d}"
EndProject
Project("{FAE04EC0-301F-11D3-BF4B-00C04F79EFBC}") = "ToonyColorsPro.Demo.Editor", "ToonyColorsPro.Demo.Editor.csproj", "{555a55e8-9630-c0ce-08a3-cfd0ad5d13c4}"
EndProject
Project("{FAE04EC0-301F-11D3-BF4B-00C04F79EFBC}") = "Unity.PlayableGraphVisualizer", "Unity.PlayableGraphVisualizer.csproj", "{7bc59142-04b2-27d1-bc57-5595d3f7ac41}"
EndProject
Project("{FAE04EC0-301F-11D3-BF4B-00C04F79EFBC}") = "Unity.TextMeshPro.Tests", "Unity.TextMeshPro.Tests.csproj", "{d19e244d-4167-39d0-e039-a0044b5b6015}"
EndProject
Project("{FAE04EC0-301F-11D3-BF4B-00C04F79EFBC}") = "Unity.InputSystem.DocCodeSamples", "Unity.InputSystem.DocCodeSamples.csproj", "{268a1b54-0929-80a5-5825-dbbcebc8d331}"
EndProject
Project("{FAE04EC0-301F-11D3-BF4B-00C04F79EFBC}") = "Unity.RenderPipelines.Universal.Shaders", "Unity.RenderPipelines.Universal.Shaders.csproj", "{50b04fc9-b263-3ed2-ff0a-85c050f2afeb}"
EndProject
Project("{FAE04EC0-301F-11D3-BF4B-00C04F79EFBC}") = "Unity.RenderPipelines.Core.Runtime.Shared", "Unity.RenderPipelines.Core.Runtime.Shared.csproj", "{7e3d2d31-8b92-40dd-3e7f-50aef2942087}"
EndProject
Project("{FAE04EC0-301F-11D3-BF4B-00C04F79EFBC}") = "KinoBloom.Runtime", "KinoBloom.Runtime.csproj", "{b537d6af-6950-a649-5836-8152f4adae12}"
EndProject
Project("{FAE04EC0-301F-11D3-BF4B-00C04F79EFBC}") = "Unity.RenderPipelines.Universal.Config.Editor.Tests", "Unity.RenderPipelines.Universal.Config.Editor.Tests.csproj", "{162391d0-72f7-86d3-1b79-16c0342c5637}"
EndProject
Project("{FAE04EC0-301F-11D3-BF4B-00C04F79EFBC}") = "TextMeshProEffect", "TextMeshProEffect.csproj", "{0a0ef8b7-c0b4-587a-b197-9c07d2fc20e7}"
EndProject
Project("{FAE04EC0-301F-11D3-BF4B-00C04F79EFBC}") = "Unity.2D.Psdimporter.EditorTests", "Unity.2D.Psdimporter.EditorTests.csproj", "{44dd6cfd-23b6-e64d-3ca9-e8a1cefb78be}"
EndProject
Project("{FAE04EC0-301F-11D3-BF4B-00C04F79EFBC}") = "Unity.RenderPipelines.Universal.Config.Runtime", "Unity.RenderPipelines.Universal.Config.Runtime.csproj", "{d9ca26b0-6c25-9c87-0b15-d8404651702d}"
EndProject
Project("{FAE04EC0-301F-11D3-BF4B-00C04F79EFBC}") = "Unity.RenderPipelines.Core.ShaderLibrary", "Unity.RenderPipelines.Core.ShaderLibrary.csproj", "{9d272b19-214d-0d02-7663-c21b51d9deea}"
EndProject
Project("{FAE04EC0-301F-11D3-BF4B-00C04F79EFBC}") = "Unity.RenderPipelines.Core.Editor.Shared", "Unity.RenderPipelines.Core.Editor.Shared.csproj", "{744b5d23-fe87-9a29-52db-d1409e1b1833}"
EndProject
Global
	GlobalSection(SolutionConfigurationPlatforms) = preSolution
		Debug|Any CPU = Debug|Any CPU
	EndGlobalSection
	GlobalSection(ProjectConfigurationPlatforms) = postSolution
		{f5014903-e075-40dd-5a8f-6808ca525688}.Debug|Any CPU.ActiveCfg = Debug|Any CPU
		{f5014903-e075-40dd-5a8f-6808ca525688}.Debug|Any CPU.Build.0 = Debug|Any CPU
		{60174f1d-a924-cbe8-d1bf-97096300efb1}.Debug|Any CPU.ActiveCfg = Debug|Any CPU
		{60174f1d-a924-cbe8-d1bf-97096300efb1}.Debug|Any CPU.Build.0 = Debug|Any CPU
		{a7aed9ab-eb00-9638-9212-762debe18234}.Debug|Any CPU.ActiveCfg = Debug|Any CPU
		{a7aed9ab-eb00-9638-9212-762debe18234}.Debug|Any CPU.Build.0 = Debug|Any CPU
		{407b79cc-6e49-1201-2eea-766dc3ed5ddb}.Debug|Any CPU.ActiveCfg = Debug|Any CPU
		{407b79cc-6e49-1201-2eea-766dc3ed5ddb}.Debug|Any CPU.Build.0 = Debug|Any CPU
		{a77626b7-611a-0dc5-0f14-037b81a8fdcf}.Debug|Any CPU.ActiveCfg = Debug|Any CPU
		{a77626b7-611a-0dc5-0f14-037b81a8fdcf}.Debug|Any CPU.Build.0 = Debug|Any CPU
		{e95b5227-8caf-2a11-d63f-9e7fc34aecc7}.Debug|Any CPU.ActiveCfg = Debug|Any CPU
		{e95b5227-8caf-2a11-d63f-9e7fc34aecc7}.Debug|Any CPU.Build.0 = Debug|Any CPU
		{250fef46-6139-0fff-38ee-ceb0ba60aa92}.Debug|Any CPU.ActiveCfg = Debug|Any CPU
		{250fef46-6139-0fff-38ee-ceb0ba60aa92}.Debug|Any CPU.Build.0 = Debug|Any CPU
		{723c2efb-cda1-eea0-3fc6-c16c9109b303}.Debug|Any CPU.ActiveCfg = Debug|Any CPU
		{723c2efb-cda1-eea0-3fc6-c16c9109b303}.Debug|Any CPU.Build.0 = Debug|Any CPU
		{575d09b8-621d-2741-1fe3-a451e8883ba0}.Debug|Any CPU.ActiveCfg = Debug|Any CPU
		{575d09b8-621d-2741-1fe3-a451e8883ba0}.Debug|Any CPU.Build.0 = Debug|Any CPU
		{3e6bb285-66df-d24d-2213-893ebd18f77e}.Debug|Any CPU.ActiveCfg = Debug|Any CPU
		{3e6bb285-66df-d24d-2213-893ebd18f77e}.Debug|Any CPU.Build.0 = Debug|Any CPU
		{a76398f2-32c8-6434-9021-89235d6b2e89}.Debug|Any CPU.ActiveCfg = Debug|Any CPU
		{a76398f2-32c8-6434-9021-89235d6b2e89}.Debug|Any CPU.Build.0 = Debug|Any CPU
		{779a36b7-481c-1e89-a02e-98edaef7d168}.Debug|Any CPU.ActiveCfg = Debug|Any CPU
		{779a36b7-481c-1e89-a02e-98edaef7d168}.Debug|Any CPU.Build.0 = Debug|Any CPU
		{8bbf3884-430a-65c0-15e3-61627e25ada9}.Debug|Any CPU.ActiveCfg = Debug|Any CPU
		{8bbf3884-430a-65c0-15e3-61627e25ada9}.Debug|Any CPU.Build.0 = Debug|Any CPU
		{87bda108-53e9-4d98-6105-0fbac917c720}.Debug|Any CPU.ActiveCfg = Debug|Any CPU
		{87bda108-53e9-4d98-6105-0fbac917c720}.Debug|Any CPU.Build.0 = Debug|Any CPU
		{21ab628d-2838-f010-9524-d0bb49ebffd0}.Debug|Any CPU.ActiveCfg = Debug|Any CPU
		{21ab628d-2838-f010-9524-d0bb49ebffd0}.Debug|Any CPU.Build.0 = Debug|Any CPU
		{c7270e9b-46ba-041b-6b6c-ea1a7dae914a}.Debug|Any CPU.ActiveCfg = Debug|Any CPU
		{c7270e9b-46ba-041b-6b6c-ea1a7dae914a}.Debug|Any CPU.Build.0 = Debug|Any CPU
		{6f2a2af8-12c1-4e8f-1017-96a1915e7488}.Debug|Any CPU.ActiveCfg = Debug|Any CPU
		{6f2a2af8-12c1-4e8f-1017-96a1915e7488}.Debug|Any CPU.Build.0 = Debug|Any CPU
		{210fd214-cdc8-a5c5-596c-9edd6e5696ed}.Debug|Any CPU.ActiveCfg = Debug|Any CPU
		{210fd214-cdc8-a5c5-596c-9edd6e5696ed}.Debug|Any CPU.Build.0 = Debug|Any CPU
		{846221a1-0e9a-1714-c109-dfb14e60cc06}.Debug|Any CPU.ActiveCfg = Debug|Any CPU
		{846221a1-0e9a-1714-c109-dfb14e60cc06}.Debug|Any CPU.Build.0 = Debug|Any CPU
		{3f6bc3a3-5b16-418a-3fd1-9fd108a4bdf0}.Debug|Any CPU.ActiveCfg = Debug|Any CPU
		{3f6bc3a3-5b16-418a-3fd1-9fd108a4bdf0}.Debug|Any CPU.Build.0 = Debug|Any CPU
		{ab242a69-52de-4c26-eddf-d6271c8c7e9e}.Debug|Any CPU.ActiveCfg = Debug|Any CPU
		{ab242a69-52de-4c26-eddf-d6271c8c7e9e}.Debug|Any CPU.Build.0 = Debug|Any CPU
		{8372c28a-282d-a53f-a74c-08ceeff15afd}.Debug|Any CPU.ActiveCfg = Debug|Any CPU
		{8372c28a-282d-a53f-a74c-08ceeff15afd}.Debug|Any CPU.Build.0 = Debug|Any CPU
		{0086e26e-2dc2-9a5a-8b66-cc820cb28206}.Debug|Any CPU.ActiveCfg = Debug|Any CPU
		{0086e26e-2dc2-9a5a-8b66-cc820cb28206}.Debug|Any CPU.Build.0 = Debug|Any CPU
		{edca37aa-def8-9f77-8b06-984cda32c25b}.Debug|Any CPU.ActiveCfg = Debug|Any CPU
		{edca37aa-def8-9f77-8b06-984cda32c25b}.Debug|Any CPU.Build.0 = Debug|Any CPU
		{18f8b18e-b8b1-1189-1412-fb38b1a3d145}.Debug|Any CPU.ActiveCfg = Debug|Any CPU
		{18f8b18e-b8b1-1189-1412-fb38b1a3d145}.Debug|Any CPU.Build.0 = Debug|Any CPU
		{476a302b-820f-e413-6a9d-3ab64f277ce4}.Debug|Any CPU.ActiveCfg = Debug|Any CPU
		{476a302b-820f-e413-6a9d-3ab64f277ce4}.Debug|Any CPU.Build.0 = Debug|Any CPU
		{5aa0d076-e8de-ae3f-b79d-dde41e891e2f}.Debug|Any CPU.ActiveCfg = Debug|Any CPU
		{5aa0d076-e8de-ae3f-b79d-dde41e891e2f}.Debug|Any CPU.Build.0 = Debug|Any CPU
		{5b1a8a76-d5ae-e4a3-20b9-06b223ec5e31}.Debug|Any CPU.ActiveCfg = Debug|Any CPU
		{5b1a8a76-d5ae-e4a3-20b9-06b223ec5e31}.Debug|Any CPU.Build.0 = Debug|Any CPU
		{f609318e-83d5-202f-8f00-83caa7491b69}.Debug|Any CPU.ActiveCfg = Debug|Any CPU
		{f609318e-83d5-202f-8f00-83caa7491b69}.Debug|Any CPU.Build.0 = Debug|Any CPU
		{8485187f-9705-3c5d-caab-b524d5a07851}.Debug|Any CPU.ActiveCfg = Debug|Any CPU
		{8485187f-9705-3c5d-caab-b524d5a07851}.Debug|Any CPU.Build.0 = Debug|Any CPU
		{fb1baf05-46d8-955c-f215-cb0c2d36e956}.Debug|Any CPU.ActiveCfg = Debug|Any CPU
		{fb1baf05-46d8-955c-f215-cb0c2d36e956}.Debug|Any CPU.Build.0 = Debug|Any CPU
		{9ed30cee-2757-f35f-9a14-b06a3f754f79}.Debug|Any CPU.ActiveCfg = Debug|Any CPU
		{9ed30cee-2757-f35f-9a14-b06a3f754f79}.Debug|Any CPU.Build.0 = Debug|Any CPU
		{00d60fb5-a797-32fe-f28b-6a85a2e63a19}.Debug|Any CPU.ActiveCfg = Debug|Any CPU
		{00d60fb5-a797-32fe-f28b-6a85a2e63a19}.Debug|Any CPU.Build.0 = Debug|Any CPU
		{12ff0f8a-e3a5-7dae-8f49-db6f6c3bf333}.Debug|Any CPU.ActiveCfg = Debug|Any CPU
		{12ff0f8a-e3a5-7dae-8f49-db6f6c3bf333}.Debug|Any CPU.Build.0 = Debug|Any CPU
		{88b6687a-316f-0235-d527-3bdd069d8858}.Debug|Any CPU.ActiveCfg = Debug|Any CPU
		{88b6687a-316f-0235-d527-3bdd069d8858}.Debug|Any CPU.Build.0 = Debug|Any CPU
		{8c7995d9-1ff2-d87f-d82c-0fd67359d087}.Debug|Any CPU.ActiveCfg = Debug|Any CPU
		{8c7995d9-1ff2-d87f-d82c-0fd67359d087}.Debug|Any CPU.Build.0 = Debug|Any CPU
		{54500d5e-c13e-d830-56b6-75774b03bee5}.Debug|Any CPU.ActiveCfg = Debug|Any CPU
		{54500d5e-c13e-d830-56b6-75774b03bee5}.Debug|Any CPU.Build.0 = Debug|Any CPU
		{13007c4e-ce43-34dd-d0ec-749fda1263ac}.Debug|Any CPU.ActiveCfg = Debug|Any CPU
		{13007c4e-ce43-34dd-d0ec-749fda1263ac}.Debug|Any CPU.Build.0 = Debug|Any CPU
		{92a970cd-747b-af30-7ff9-7791183533d9}.Debug|Any CPU.ActiveCfg = Debug|Any CPU
		{92a970cd-747b-af30-7ff9-7791183533d9}.Debug|Any CPU.Build.0 = Debug|Any CPU
		{f8661a80-fea2-fa62-b8db-234ee8c3d38e}.Debug|Any CPU.ActiveCfg = Debug|Any CPU
		{f8661a80-fea2-fa62-b8db-234ee8c3d38e}.Debug|Any CPU.Build.0 = Debug|Any CPU
		{70e08ec5-a799-6680-dbcb-86d473300b3e}.Debug|Any CPU.ActiveCfg = Debug|Any CPU
		{70e08ec5-a799-6680-dbcb-86d473300b3e}.Debug|Any CPU.Build.0 = Debug|Any CPU
		{9316fd62-824c-c3e6-bc26-03e43141bae2}.Debug|Any CPU.ActiveCfg = Debug|Any CPU
		{9316fd62-824c-c3e6-bc26-03e43141bae2}.Debug|Any CPU.Build.0 = Debug|Any CPU
		{4213aafc-986e-7eea-6f61-dce8ef9738ec}.Debug|Any CPU.ActiveCfg = Debug|Any CPU
		{4213aafc-986e-7eea-6f61-dce8ef9738ec}.Debug|Any CPU.Build.0 = Debug|Any CPU
		{0c859b27-c48e-172a-9eaf-d849abd3829f}.Debug|Any CPU.ActiveCfg = Debug|Any CPU
		{0c859b27-c48e-172a-9eaf-d849abd3829f}.Debug|Any CPU.Build.0 = Debug|Any CPU
		{6648acb9-23c7-67c1-6bd9-364db2028c8d}.Debug|Any CPU.ActiveCfg = Debug|Any CPU
		{6648acb9-23c7-67c1-6bd9-364db2028c8d}.Debug|Any CPU.Build.0 = Debug|Any CPU
		{555a55e8-9630-c0ce-08a3-cfd0ad5d13c4}.Debug|Any CPU.ActiveCfg = Debug|Any CPU
		{555a55e8-9630-c0ce-08a3-cfd0ad5d13c4}.Debug|Any CPU.Build.0 = Debug|Any CPU
		{7bc59142-04b2-27d1-bc57-5595d3f7ac41}.Debug|Any CPU.ActiveCfg = Debug|Any CPU
		{7bc59142-04b2-27d1-bc57-5595d3f7ac41}.Debug|Any CPU.Build.0 = Debug|Any CPU
		{d19e244d-4167-39d0-e039-a0044b5b6015}.Debug|Any CPU.ActiveCfg = Debug|Any CPU
		{d19e244d-4167-39d0-e039-a0044b5b6015}.Debug|Any CPU.Build.0 = Debug|Any CPU
		{268a1b54-0929-80a5-5825-dbbcebc8d331}.Debug|Any CPU.ActiveCfg = Debug|Any CPU
		{268a1b54-0929-80a5-5825-dbbcebc8d331}.Debug|Any CPU.Build.0 = Debug|Any CPU
		{50b04fc9-b263-3ed2-ff0a-85c050f2afeb}.Debug|Any CPU.ActiveCfg = Debug|Any CPU
		{50b04fc9-b263-3ed2-ff0a-85c050f2afeb}.Debug|Any CPU.Build.0 = Debug|Any CPU
		{7e3d2d31-8b92-40dd-3e7f-50aef2942087}.Debug|Any CPU.ActiveCfg = Debug|Any CPU
		{7e3d2d31-8b92-40dd-3e7f-50aef2942087}.Debug|Any CPU.Build.0 = Debug|Any CPU
		{b537d6af-6950-a649-5836-8152f4adae12}.Debug|Any CPU.ActiveCfg = Debug|Any CPU
		{b537d6af-6950-a649-5836-8152f4adae12}.Debug|Any CPU.Build.0 = Debug|Any CPU
		{162391d0-72f7-86d3-1b79-16c0342c5637}.Debug|Any CPU.ActiveCfg = Debug|Any CPU
		{162391d0-72f7-86d3-1b79-16c0342c5637}.Debug|Any CPU.Build.0 = Debug|Any CPU
		{0a0ef8b7-c0b4-587a-b197-9c07d2fc20e7}.Debug|Any CPU.ActiveCfg = Debug|Any CPU
		{0a0ef8b7-c0b4-587a-b197-9c07d2fc20e7}.Debug|Any CPU.Build.0 = Debug|Any CPU
		{44dd6cfd-23b6-e64d-3ca9-e8a1cefb78be}.Debug|Any CPU.ActiveCfg = Debug|Any CPU
		{44dd6cfd-23b6-e64d-3ca9-e8a1cefb78be}.Debug|Any CPU.Build.0 = Debug|Any CPU
		{d9ca26b0-6c25-9c87-0b15-d8404651702d}.Debug|Any CPU.ActiveCfg = Debug|Any CPU
		{d9ca26b0-6c25-9c87-0b15-d8404651702d}.Debug|Any CPU.Build.0 = Debug|Any CPU
		{9d272b19-214d-0d02-7663-c21b51d9deea}.Debug|Any CPU.ActiveCfg = Debug|Any CPU
		{9d272b19-214d-0d02-7663-c21b51d9deea}.Debug|Any CPU.Build.0 = Debug|Any CPU
		{744b5d23-fe87-9a29-52db-d1409e1b1833}.Debug|Any CPU.ActiveCfg = Debug|Any CPU
		{744b5d23-fe87-9a29-52db-d1409e1b1833}.Debug|Any CPU.Build.0 = Debug|Any CPU
	EndGlobalSection
	GlobalSection(SolutionProperties) = preSolution
		HideSolutionNode = FALSE
	EndGlobalSection
EndGlobal
