
Microsoft Visual Studio Solution File, Format Version 12.00
# Visual Studio 15
Project("{FAE04EC0-301F-11D3-BF4B-00C04F79EFBC}") = "Unity.Timeline", "Unity.Timeline.csproj", "{CDDE565E-385E-AB93-3EEE-1258EBF56FBA}"
EndProject
Project("{FAE04EC0-301F-11D3-BF4B-00C04F79EFBC}") = "Unity.RenderPipelines.GPUDriven.Runtime", "Unity.RenderPipelines.GPUDriven.Runtime.csproj", "{12861025-B8B7-3920-4619-E1AC46F25EEC}"
EndProject
Project("{FAE04EC0-301F-11D3-BF4B-00C04F79EFBC}") = "Assembly-CSharp", "Assembly-CSharp.csproj", "{79A74C5C-1D5C-69C5-D64D-FF26821E2BB8}"
EndProject
Project("{FAE04EC0-301F-11D3-BF4B-00C04F79EFBC}") = "Unity.RenderPipelines.Core.Runtime", "Unity.RenderPipelines.Core.Runtime.csproj", "{A0D4358F-F792-2308-A963-4F29C51C7893}"
EndProject
Project("{FAE04EC0-301F-11D3-BF4B-00C04F79EFBC}") = "Unity.Mathematics", "Unity.Mathematics.csproj", "{65DB6082-9246-2595-343F-FFB8DDF746A6}"
EndProject
Project("{FAE04EC0-301F-11D3-BF4B-00C04F79EFBC}") = "Unity.Timeline.Editor", "Unity.Timeline.Editor.csproj", "{87F488CF-D355-C37D-803D-3E6D43413B5F}"
EndProject
Project("{FAE04EC0-301F-11D3-BF4B-00C04F79EFBC}") = "Unity.RenderPipelines.Core.Editor", "Unity.RenderPipelines.Core.Editor.csproj", "{16F54C1C-D2CD-7EE6-40E9-962125033FC7}"
EndProject
Project("{FAE04EC0-301F-11D3-BF4B-00C04F79EFBC}") = "Unity.RenderPipelines.Core.Editor.Tests", "Unity.RenderPipelines.Core.Editor.Tests.csproj", "{A84AE922-BA71-D325-05A4-E30E7D613CE0}"
EndProject
Project("{FAE04EC0-301F-11D3-BF4B-00C04F79EFBC}") = "UnityEngine.UI", "UnityEngine.UI.csproj", "{12FB71DA-DC77-310E-AF8E-DDF15C4324C7}"
EndProject
Project("{FAE04EC0-301F-11D3-BF4B-00C04F79EFBC}") = "Unity.RenderPipelines.Universal.2D.Runtime", "Unity.RenderPipelines.Universal.2D.Runtime.csproj", "{FF0903CE-334B-8C03-342C-E3DD1AD475E6}"
EndProject
Project("{FAE04EC0-301F-11D3-BF4B-00C04F79EFBC}") = "Unity.RenderPipelines.Universal.Editor", "Unity.RenderPipelines.Universal.Editor.csproj", "{755722CD-35E8-8F92-43B9-5C182D652737}"
EndProject
Project("{FAE04EC0-301F-11D3-BF4B-00C04F79EFBC}") = "Unity.InputSystem", "Unity.InputSystem.csproj", "{FD1D7FB7-BE13-97B9-49C7-6E8E29A80FA8}"
EndProject
Project("{FAE04EC0-301F-11D3-BF4B-00C04F79EFBC}") = "PPv2URPConverters", "PPv2URPConverters.csproj", "{1AFB559D-CC69-7212-76AE-54FE48374D34}"
EndProject
Project("{FAE04EC0-301F-11D3-BF4B-00C04F79EFBC}") = "Unity.RenderPipelines.Universal.Runtime", "Unity.RenderPipelines.Universal.Runtime.csproj", "{3A72FFB0-5CC2-AA2D-3017-206F0BC6B5F1}"
EndProject
Project("{FAE04EC0-301F-11D3-BF4B-00C04F79EFBC}") = "Assembly-CSharp-Editor", "Assembly-CSharp-Editor.csproj", "{5918FD41-A44C-BA8E-859F-673AD28B42CB}"
EndProject
Project("{FAE04EC0-301F-11D3-BF4B-00C04F79EFBC}") = "UnityEngine.UI.Tests", "UnityEngine.UI.Tests.csproj", "{CC92E645-A288-DDF9-A850-0FF596551886}"
EndProject
Project("{FAE04EC0-301F-11D3-BF4B-00C04F79EFBC}") = "Unity.2D.Tilemap.Extras.Editor", "Unity.2D.Tilemap.Extras.Editor.csproj", "{6423E911-E914-EBA7-8488-B9C456369781}"
EndProject
Project("{FAE04EC0-301F-11D3-BF4B-00C04F79EFBC}") = "Unity.Mathematics.Tests", "Unity.Mathematics.Tests.csproj", "{8E97D41B-2C87-9900-88FF-4FA16ACE8831}"
EndProject
Project("{FAE04EC0-301F-11D3-BF4B-00C04F79EFBC}") = "Unity.TextMeshPro", "Unity.TextMeshPro.csproj", "{BEA6C1FD-A3B2-237A-3706-76C2A76F80EA}"
EndProject
Project("{FAE04EC0-301F-11D3-BF4B-00C04F79EFBC}") = "Unity.TextMeshPro.Editor", "Unity.TextMeshPro.Editor.csproj", "{A31536B1-257F-FCCC-8EFB-92282FA46BAC}"
EndProject
Project("{FAE04EC0-301F-11D3-BF4B-00C04F79EFBC}") = "UnityEditor.UI", "UnityEditor.UI.csproj", "{FD045050-5EEF-53D6-4E6C-CEBF48ABB0DA}"
EndProject
Project("{FAE04EC0-301F-11D3-BF4B-00C04F79EFBC}") = "UnityEditor.UI.EditorTests", "UnityEditor.UI.EditorTests.csproj", "{83423F73-EE7E-B4B4-17B9-FAACFFE8C084}"
EndProject
Project("{FAE04EC0-301F-11D3-BF4B-00C04F79EFBC}") = "Unity.RenderPipelines.Universal.Editor.Tests", "Unity.RenderPipelines.Universal.Editor.Tests.csproj", "{6BFB6203-4A6A-DC55-28DA-959D850BB656}"
EndProject
Project("{FAE04EC0-301F-11D3-BF4B-00C04F79EFBC}") = "Unity.RenderPipelines.Core.Runtime.Tests", "Unity.RenderPipelines.Core.Runtime.Tests.csproj", "{48C204F7-A744-475E-AEBB-6AE04AA90EDA}"
EndProject
Project("{FAE04EC0-301F-11D3-BF4B-00C04F79EFBC}") = "Unity.InputSystem.ForUI", "Unity.InputSystem.ForUI.csproj", "{E64671C4-9408-1BE3-5053-87EC64B9EBC0}"
EndProject
Project("{FAE04EC0-301F-11D3-BF4B-00C04F79EFBC}") = "CFXRRuntime", "CFXRRuntime.csproj", "{AFC88E3E-E6B6-B0E7-49DA-E332D358C62C}"
EndProject
Project("{FAE04EC0-301F-11D3-BF4B-00C04F79EFBC}") = "Unity.2D.Tilemap.Extras", "Unity.2D.Tilemap.Extras.csproj", "{E10B1BE2-9BFB-E792-9BA5-3E825B7E7A78}"
EndProject
Project("{FAE04EC0-301F-11D3-BF4B-00C04F79EFBC}") = "Unity.Mathematics.Editor", "Unity.Mathematics.Editor.csproj", "{8D2DE9A8-36D8-D55B-2333-4A217A9E49FA}"
EndProject
Project("{FAE04EC0-301F-11D3-BF4B-00C04F79EFBC}") = "DocCodeExamples", "DocCodeExamples.csproj", "{2420ABDF-7491-EEA9-2226-42DE18F9585C}"
EndProject
Project("{FAE04EC0-301F-11D3-BF4B-00C04F79EFBC}") = "CFXREditor", "CFXREditor.csproj", "{FB0D2E3D-2099-6375-7DDA-6464D252568D}"
EndProject
Project("{FAE04EC0-301F-11D3-BF4B-00C04F79EFBC}") = "Unity.InputSystem.TestFramework", "Unity.InputSystem.TestFramework.csproj", "{5D3004E1-EA49-E53A-905E-FCAA1BF8B20B}"
EndProject
Project("{FAE04EC0-301F-11D3-BF4B-00C04F79EFBC}") = "Assembly-CSharp-firstpass", "Assembly-CSharp-firstpass.csproj", "{E8243820-5175-6506-BB49-B8282FFEA622}"
EndProject
Project("{FAE04EC0-301F-11D3-BF4B-00C04F79EFBC}") = "Unity.RenderPipelines.Universal.Runtime.Tests", "Unity.RenderPipelines.Universal.Runtime.Tests.csproj", "{5FF0D9C8-C18E-8DF6-ADB2-B5425FC2FBC5}"
EndProject
Project("{FAE04EC0-301F-11D3-BF4B-00C04F79EFBC}") = "Assembly-CSharp-Editor-firstpass", "Assembly-CSharp-Editor-firstpass.csproj", "{B94F7FC4-77D4-079C-BA98-9A813F266DEE}"
EndProject
Project("{FAE04EC0-301F-11D3-BF4B-00C04F79EFBC}") = "Unity.2D.Tilemap.Extras.Placeholder.EditorTests", "Unity.2D.Tilemap.Extras.Placeholder.EditorTests.csproj", "{B6ECFDB1-F39B-2678-330A-03B527FEC16C}"
EndProject
Project("{FAE04EC0-301F-11D3-BF4B-00C04F79EFBC}") = "CFXRDemo", "CFXRDemo.csproj", "{92EB6859-11BF-4FCA-9892-93342033BBA1}"
EndProject
Project("{FAE04EC0-301F-11D3-BF4B-00C04F79EFBC}") = "Unity.RenderPipeline.Universal.ShaderLibrary", "Unity.RenderPipeline.Universal.ShaderLibrary.csproj", "{AA952A72-099F-7E89-E23B-8FF6199D4C75}"
EndProject
Project("{FAE04EC0-301F-11D3-BF4B-00C04F79EFBC}") = "Unity.TextMeshPro.Editor.Tests", "Unity.TextMeshPro.Editor.Tests.csproj", "{DC56DC3B-B6E3-8637-BF1D-93652F99D22D}"
EndProject
Project("{FAE04EC0-301F-11D3-BF4B-00C04F79EFBC}") = "TextMeshProEffect.Editor", "TextMeshProEffect.Editor.csproj", "{1B3BDDD2-C849-1A01-DA5E-7A3567D2E60B}"
EndProject
Project("{FAE04EC0-301F-11D3-BF4B-00C04F79EFBC}") = "ToonyColorsPro.Demo.Editor", "ToonyColorsPro.Demo.Editor.csproj", "{D7E77FB8-8493-48DC-C425-563E7FF0F500}"
EndProject
Project("{FAE04EC0-301F-11D3-BF4B-00C04F79EFBC}") = "Unity.TextMeshPro.Tests", "Unity.TextMeshPro.Tests.csproj", "{EB5468C3-A6E8-7951-DC2F-8B5394C1A3C6}"
EndProject
Project("{FAE04EC0-301F-11D3-BF4B-00C04F79EFBC}") = "Unity.RenderPipelines.Universal.Shaders", "Unity.RenderPipelines.Universal.Shaders.csproj", "{BD654086-47C6-43BB-BF7F-BFD9E9D989AC}"
EndProject
Project("{FAE04EC0-301F-11D3-BF4B-00C04F79EFBC}") = "Unity.RenderPipelines.Core.Runtime.Shared", "Unity.RenderPipelines.Core.Runtime.Shared.csproj", "{70E3A5C7-1BC1-7CEF-09F9-961B36824DB2}"
EndProject
Project("{FAE04EC0-301F-11D3-BF4B-00C04F79EFBC}") = "KinoBloom.Runtime", "KinoBloom.Runtime.csproj", "{05D6D1D5-13B5-5D10-F6EF-253A663745FF}"
EndProject
Project("{FAE04EC0-301F-11D3-BF4B-00C04F79EFBC}") = "Unity.RenderPipelines.Universal.Config.Editor.Tests", "Unity.RenderPipelines.Universal.Config.Editor.Tests.csproj", "{06CB3E99-CB1A-06C0-13EE-4C267F13D2E8}"
EndProject
Project("{FAE04EC0-301F-11D3-BF4B-00C04F79EFBC}") = "TextMeshProEffect", "TextMeshProEffect.csproj", "{178CE7E1-4F0D-617B-2103-25A00EADB581}"
EndProject
Project("{FAE04EC0-301F-11D3-BF4B-00C04F79EFBC}") = "Unity.InputSystem.IntegrationTests", "Unity.InputSystem.IntegrationTests.csproj", "{5BD10D58-164E-80C0-1687-AB0E453324CC}"
EndProject
Project("{FAE04EC0-301F-11D3-BF4B-00C04F79EFBC}") = "Unity.RenderPipelines.Universal.Config.Runtime", "Unity.RenderPipelines.Universal.Config.Runtime.csproj", "{3A288FD2-D4A1-D969-E4A9-08355836B5B8}"
EndProject
Project("{FAE04EC0-301F-11D3-BF4B-00C04F79EFBC}") = "Unity.RenderPipelines.Core.ShaderLibrary", "Unity.RenderPipelines.Core.ShaderLibrary.csproj", "{56F1B001-D19C-A285-5739-11A2F75B8ADE}"
EndProject
Project("{FAE04EC0-301F-11D3-BF4B-00C04F79EFBC}") = "Unity.RenderPipelines.Core.Editor.Shared", "Unity.RenderPipelines.Core.Editor.Shared.csproj", "{5E2FEC7C-2B51-9EB3-FEF2-4026228D6AFD}"
EndProject
Global
	GlobalSection(SolutionConfigurationPlatforms) = preSolution
		Debug|Any CPU = Debug|Any CPU
		Release|Any CPU = Release|Any CPU
	EndGlobalSection
	GlobalSection(ProjectConfigurationPlatforms) = postSolution
		{CDDE565E-385E-AB93-3EEE-1258EBF56FBA}.Debug|Any CPU.ActiveCfg = Debug|Any CPU
		{CDDE565E-385E-AB93-3EEE-1258EBF56FBA}.Debug|Any CPU.Build.0 = Debug|Any CPU
		{CDDE565E-385E-AB93-3EEE-1258EBF56FBA}.Release|Any CPU.ActiveCfg = Release|Any CPU
		{CDDE565E-385E-AB93-3EEE-1258EBF56FBA}.Release|Any CPU.Build.0 = Release|Any CPU
		{12861025-B8B7-3920-4619-E1AC46F25EEC}.Debug|Any CPU.ActiveCfg = Debug|Any CPU
		{12861025-B8B7-3920-4619-E1AC46F25EEC}.Debug|Any CPU.Build.0 = Debug|Any CPU
		{12861025-B8B7-3920-4619-E1AC46F25EEC}.Release|Any CPU.ActiveCfg = Release|Any CPU
		{12861025-B8B7-3920-4619-E1AC46F25EEC}.Release|Any CPU.Build.0 = Release|Any CPU
		{79A74C5C-1D5C-69C5-D64D-FF26821E2BB8}.Debug|Any CPU.ActiveCfg = Debug|Any CPU
		{79A74C5C-1D5C-69C5-D64D-FF26821E2BB8}.Debug|Any CPU.Build.0 = Debug|Any CPU
		{79A74C5C-1D5C-69C5-D64D-FF26821E2BB8}.Release|Any CPU.ActiveCfg = Release|Any CPU
		{79A74C5C-1D5C-69C5-D64D-FF26821E2BB8}.Release|Any CPU.Build.0 = Release|Any CPU
		{A0D4358F-F792-2308-A963-4F29C51C7893}.Debug|Any CPU.ActiveCfg = Debug|Any CPU
		{A0D4358F-F792-2308-A963-4F29C51C7893}.Debug|Any CPU.Build.0 = Debug|Any CPU
		{A0D4358F-F792-2308-A963-4F29C51C7893}.Release|Any CPU.ActiveCfg = Release|Any CPU
		{A0D4358F-F792-2308-A963-4F29C51C7893}.Release|Any CPU.Build.0 = Release|Any CPU
		{65DB6082-9246-2595-343F-FFB8DDF746A6}.Debug|Any CPU.ActiveCfg = Debug|Any CPU
		{65DB6082-9246-2595-343F-FFB8DDF746A6}.Debug|Any CPU.Build.0 = Debug|Any CPU
		{65DB6082-9246-2595-343F-FFB8DDF746A6}.Release|Any CPU.ActiveCfg = Release|Any CPU
		{65DB6082-9246-2595-343F-FFB8DDF746A6}.Release|Any CPU.Build.0 = Release|Any CPU
		{87F488CF-D355-C37D-803D-3E6D43413B5F}.Debug|Any CPU.ActiveCfg = Debug|Any CPU
		{87F488CF-D355-C37D-803D-3E6D43413B5F}.Debug|Any CPU.Build.0 = Debug|Any CPU
		{87F488CF-D355-C37D-803D-3E6D43413B5F}.Release|Any CPU.ActiveCfg = Release|Any CPU
		{87F488CF-D355-C37D-803D-3E6D43413B5F}.Release|Any CPU.Build.0 = Release|Any CPU
		{16F54C1C-D2CD-7EE6-40E9-962125033FC7}.Debug|Any CPU.ActiveCfg = Debug|Any CPU
		{16F54C1C-D2CD-7EE6-40E9-962125033FC7}.Debug|Any CPU.Build.0 = Debug|Any CPU
		{16F54C1C-D2CD-7EE6-40E9-962125033FC7}.Release|Any CPU.ActiveCfg = Release|Any CPU
		{16F54C1C-D2CD-7EE6-40E9-962125033FC7}.Release|Any CPU.Build.0 = Release|Any CPU
		{A84AE922-BA71-D325-05A4-E30E7D613CE0}.Debug|Any CPU.ActiveCfg = Debug|Any CPU
		{A84AE922-BA71-D325-05A4-E30E7D613CE0}.Debug|Any CPU.Build.0 = Debug|Any CPU
		{A84AE922-BA71-D325-05A4-E30E7D613CE0}.Release|Any CPU.ActiveCfg = Release|Any CPU
		{A84AE922-BA71-D325-05A4-E30E7D613CE0}.Release|Any CPU.Build.0 = Release|Any CPU
		{12FB71DA-DC77-310E-AF8E-DDF15C4324C7}.Debug|Any CPU.ActiveCfg = Debug|Any CPU
		{12FB71DA-DC77-310E-AF8E-DDF15C4324C7}.Debug|Any CPU.Build.0 = Debug|Any CPU
		{12FB71DA-DC77-310E-AF8E-DDF15C4324C7}.Release|Any CPU.ActiveCfg = Release|Any CPU
		{12FB71DA-DC77-310E-AF8E-DDF15C4324C7}.Release|Any CPU.Build.0 = Release|Any CPU
		{FF0903CE-334B-8C03-342C-E3DD1AD475E6}.Debug|Any CPU.ActiveCfg = Debug|Any CPU
		{FF0903CE-334B-8C03-342C-E3DD1AD475E6}.Debug|Any CPU.Build.0 = Debug|Any CPU
		{FF0903CE-334B-8C03-342C-E3DD1AD475E6}.Release|Any CPU.ActiveCfg = Release|Any CPU
		{FF0903CE-334B-8C03-342C-E3DD1AD475E6}.Release|Any CPU.Build.0 = Release|Any CPU
		{755722CD-35E8-8F92-43B9-5C182D652737}.Debug|Any CPU.ActiveCfg = Debug|Any CPU
		{755722CD-35E8-8F92-43B9-5C182D652737}.Debug|Any CPU.Build.0 = Debug|Any CPU
		{755722CD-35E8-8F92-43B9-5C182D652737}.Release|Any CPU.ActiveCfg = Release|Any CPU
		{755722CD-35E8-8F92-43B9-5C182D652737}.Release|Any CPU.Build.0 = Release|Any CPU
		{FD1D7FB7-BE13-97B9-49C7-6E8E29A80FA8}.Debug|Any CPU.ActiveCfg = Debug|Any CPU
		{FD1D7FB7-BE13-97B9-49C7-6E8E29A80FA8}.Debug|Any CPU.Build.0 = Debug|Any CPU
		{FD1D7FB7-BE13-97B9-49C7-6E8E29A80FA8}.Release|Any CPU.ActiveCfg = Release|Any CPU
		{FD1D7FB7-BE13-97B9-49C7-6E8E29A80FA8}.Release|Any CPU.Build.0 = Release|Any CPU
		{1AFB559D-CC69-7212-76AE-54FE48374D34}.Debug|Any CPU.ActiveCfg = Debug|Any CPU
		{1AFB559D-CC69-7212-76AE-54FE48374D34}.Debug|Any CPU.Build.0 = Debug|Any CPU
		{1AFB559D-CC69-7212-76AE-54FE48374D34}.Release|Any CPU.ActiveCfg = Release|Any CPU
		{1AFB559D-CC69-7212-76AE-54FE48374D34}.Release|Any CPU.Build.0 = Release|Any CPU
		{3A72FFB0-5CC2-AA2D-3017-206F0BC6B5F1}.Debug|Any CPU.ActiveCfg = Debug|Any CPU
		{3A72FFB0-5CC2-AA2D-3017-206F0BC6B5F1}.Debug|Any CPU.Build.0 = Debug|Any CPU
		{3A72FFB0-5CC2-AA2D-3017-206F0BC6B5F1}.Release|Any CPU.ActiveCfg = Release|Any CPU
		{3A72FFB0-5CC2-AA2D-3017-206F0BC6B5F1}.Release|Any CPU.Build.0 = Release|Any CPU
		{5918FD41-A44C-BA8E-859F-673AD28B42CB}.Debug|Any CPU.ActiveCfg = Debug|Any CPU
		{5918FD41-A44C-BA8E-859F-673AD28B42CB}.Debug|Any CPU.Build.0 = Debug|Any CPU
		{5918FD41-A44C-BA8E-859F-673AD28B42CB}.Release|Any CPU.ActiveCfg = Release|Any CPU
		{5918FD41-A44C-BA8E-859F-673AD28B42CB}.Release|Any CPU.Build.0 = Release|Any CPU
		{CC92E645-A288-DDF9-A850-0FF596551886}.Debug|Any CPU.ActiveCfg = Debug|Any CPU
		{CC92E645-A288-DDF9-A850-0FF596551886}.Debug|Any CPU.Build.0 = Debug|Any CPU
		{CC92E645-A288-DDF9-A850-0FF596551886}.Release|Any CPU.ActiveCfg = Release|Any CPU
		{CC92E645-A288-DDF9-A850-0FF596551886}.Release|Any CPU.Build.0 = Release|Any CPU
		{6423E911-E914-EBA7-8488-B9C456369781}.Debug|Any CPU.ActiveCfg = Debug|Any CPU
		{6423E911-E914-EBA7-8488-B9C456369781}.Debug|Any CPU.Build.0 = Debug|Any CPU
		{6423E911-E914-EBA7-8488-B9C456369781}.Release|Any CPU.ActiveCfg = Release|Any CPU
		{6423E911-E914-EBA7-8488-B9C456369781}.Release|Any CPU.Build.0 = Release|Any CPU
		{8E97D41B-2C87-9900-88FF-4FA16ACE8831}.Debug|Any CPU.ActiveCfg = Debug|Any CPU
		{8E97D41B-2C87-9900-88FF-4FA16ACE8831}.Debug|Any CPU.Build.0 = Debug|Any CPU
		{8E97D41B-2C87-9900-88FF-4FA16ACE8831}.Release|Any CPU.ActiveCfg = Release|Any CPU
		{8E97D41B-2C87-9900-88FF-4FA16ACE8831}.Release|Any CPU.Build.0 = Release|Any CPU
		{BEA6C1FD-A3B2-237A-3706-76C2A76F80EA}.Debug|Any CPU.ActiveCfg = Debug|Any CPU
		{BEA6C1FD-A3B2-237A-3706-76C2A76F80EA}.Debug|Any CPU.Build.0 = Debug|Any CPU
		{BEA6C1FD-A3B2-237A-3706-76C2A76F80EA}.Release|Any CPU.ActiveCfg = Release|Any CPU
		{BEA6C1FD-A3B2-237A-3706-76C2A76F80EA}.Release|Any CPU.Build.0 = Release|Any CPU
		{A31536B1-257F-FCCC-8EFB-92282FA46BAC}.Debug|Any CPU.ActiveCfg = Debug|Any CPU
		{A31536B1-257F-FCCC-8EFB-92282FA46BAC}.Debug|Any CPU.Build.0 = Debug|Any CPU
		{A31536B1-257F-FCCC-8EFB-92282FA46BAC}.Release|Any CPU.ActiveCfg = Release|Any CPU
		{A31536B1-257F-FCCC-8EFB-92282FA46BAC}.Release|Any CPU.Build.0 = Release|Any CPU
		{FD045050-5EEF-53D6-4E6C-CEBF48ABB0DA}.Debug|Any CPU.ActiveCfg = Debug|Any CPU
		{FD045050-5EEF-53D6-4E6C-CEBF48ABB0DA}.Debug|Any CPU.Build.0 = Debug|Any CPU
		{FD045050-5EEF-53D6-4E6C-CEBF48ABB0DA}.Release|Any CPU.ActiveCfg = Release|Any CPU
		{FD045050-5EEF-53D6-4E6C-CEBF48ABB0DA}.Release|Any CPU.Build.0 = Release|Any CPU
		{83423F73-EE7E-B4B4-17B9-FAACFFE8C084}.Debug|Any CPU.ActiveCfg = Debug|Any CPU
		{83423F73-EE7E-B4B4-17B9-FAACFFE8C084}.Debug|Any CPU.Build.0 = Debug|Any CPU
		{83423F73-EE7E-B4B4-17B9-FAACFFE8C084}.Release|Any CPU.ActiveCfg = Release|Any CPU
		{83423F73-EE7E-B4B4-17B9-FAACFFE8C084}.Release|Any CPU.Build.0 = Release|Any CPU
		{6BFB6203-4A6A-DC55-28DA-959D850BB656}.Debug|Any CPU.ActiveCfg = Debug|Any CPU
		{6BFB6203-4A6A-DC55-28DA-959D850BB656}.Debug|Any CPU.Build.0 = Debug|Any CPU
		{6BFB6203-4A6A-DC55-28DA-959D850BB656}.Release|Any CPU.ActiveCfg = Release|Any CPU
		{6BFB6203-4A6A-DC55-28DA-959D850BB656}.Release|Any CPU.Build.0 = Release|Any CPU
		{48C204F7-A744-475E-AEBB-6AE04AA90EDA}.Debug|Any CPU.ActiveCfg = Debug|Any CPU
		{48C204F7-A744-475E-AEBB-6AE04AA90EDA}.Debug|Any CPU.Build.0 = Debug|Any CPU
		{48C204F7-A744-475E-AEBB-6AE04AA90EDA}.Release|Any CPU.ActiveCfg = Release|Any CPU
		{48C204F7-A744-475E-AEBB-6AE04AA90EDA}.Release|Any CPU.Build.0 = Release|Any CPU
		{E64671C4-9408-1BE3-5053-87EC64B9EBC0}.Debug|Any CPU.ActiveCfg = Debug|Any CPU
		{E64671C4-9408-1BE3-5053-87EC64B9EBC0}.Debug|Any CPU.Build.0 = Debug|Any CPU
		{E64671C4-9408-1BE3-5053-87EC64B9EBC0}.Release|Any CPU.ActiveCfg = Release|Any CPU
		{E64671C4-9408-1BE3-5053-87EC64B9EBC0}.Release|Any CPU.Build.0 = Release|Any CPU
		{AFC88E3E-E6B6-B0E7-49DA-E332D358C62C}.Debug|Any CPU.ActiveCfg = Debug|Any CPU
		{AFC88E3E-E6B6-B0E7-49DA-E332D358C62C}.Debug|Any CPU.Build.0 = Debug|Any CPU
		{AFC88E3E-E6B6-B0E7-49DA-E332D358C62C}.Release|Any CPU.ActiveCfg = Release|Any CPU
		{AFC88E3E-E6B6-B0E7-49DA-E332D358C62C}.Release|Any CPU.Build.0 = Release|Any CPU
		{E10B1BE2-9BFB-E792-9BA5-3E825B7E7A78}.Debug|Any CPU.ActiveCfg = Debug|Any CPU
		{E10B1BE2-9BFB-E792-9BA5-3E825B7E7A78}.Debug|Any CPU.Build.0 = Debug|Any CPU
		{E10B1BE2-9BFB-E792-9BA5-3E825B7E7A78}.Release|Any CPU.ActiveCfg = Release|Any CPU
		{E10B1BE2-9BFB-E792-9BA5-3E825B7E7A78}.Release|Any CPU.Build.0 = Release|Any CPU
		{8D2DE9A8-36D8-D55B-2333-4A217A9E49FA}.Debug|Any CPU.ActiveCfg = Debug|Any CPU
		{8D2DE9A8-36D8-D55B-2333-4A217A9E49FA}.Debug|Any CPU.Build.0 = Debug|Any CPU
		{8D2DE9A8-36D8-D55B-2333-4A217A9E49FA}.Release|Any CPU.ActiveCfg = Release|Any CPU
		{8D2DE9A8-36D8-D55B-2333-4A217A9E49FA}.Release|Any CPU.Build.0 = Release|Any CPU
		{2420ABDF-7491-EEA9-2226-42DE18F9585C}.Debug|Any CPU.ActiveCfg = Debug|Any CPU
		{2420ABDF-7491-EEA9-2226-42DE18F9585C}.Debug|Any CPU.Build.0 = Debug|Any CPU
		{2420ABDF-7491-EEA9-2226-42DE18F9585C}.Release|Any CPU.ActiveCfg = Release|Any CPU
		{2420ABDF-7491-EEA9-2226-42DE18F9585C}.Release|Any CPU.Build.0 = Release|Any CPU
		{FB0D2E3D-2099-6375-7DDA-6464D252568D}.Debug|Any CPU.ActiveCfg = Debug|Any CPU
		{FB0D2E3D-2099-6375-7DDA-6464D252568D}.Debug|Any CPU.Build.0 = Debug|Any CPU
		{FB0D2E3D-2099-6375-7DDA-6464D252568D}.Release|Any CPU.ActiveCfg = Release|Any CPU
		{FB0D2E3D-2099-6375-7DDA-6464D252568D}.Release|Any CPU.Build.0 = Release|Any CPU
		{5D3004E1-EA49-E53A-905E-FCAA1BF8B20B}.Debug|Any CPU.ActiveCfg = Debug|Any CPU
		{5D3004E1-EA49-E53A-905E-FCAA1BF8B20B}.Debug|Any CPU.Build.0 = Debug|Any CPU
		{5D3004E1-EA49-E53A-905E-FCAA1BF8B20B}.Release|Any CPU.ActiveCfg = Release|Any CPU
		{5D3004E1-EA49-E53A-905E-FCAA1BF8B20B}.Release|Any CPU.Build.0 = Release|Any CPU
		{E8243820-5175-6506-BB49-B8282FFEA622}.Debug|Any CPU.ActiveCfg = Debug|Any CPU
		{E8243820-5175-6506-BB49-B8282FFEA622}.Debug|Any CPU.Build.0 = Debug|Any CPU
		{E8243820-5175-6506-BB49-B8282FFEA622}.Release|Any CPU.ActiveCfg = Release|Any CPU
		{E8243820-5175-6506-BB49-B8282FFEA622}.Release|Any CPU.Build.0 = Release|Any CPU
		{5FF0D9C8-C18E-8DF6-ADB2-B5425FC2FBC5}.Debug|Any CPU.ActiveCfg = Debug|Any CPU
		{5FF0D9C8-C18E-8DF6-ADB2-B5425FC2FBC5}.Debug|Any CPU.Build.0 = Debug|Any CPU
		{5FF0D9C8-C18E-8DF6-ADB2-B5425FC2FBC5}.Release|Any CPU.ActiveCfg = Release|Any CPU
		{5FF0D9C8-C18E-8DF6-ADB2-B5425FC2FBC5}.Release|Any CPU.Build.0 = Release|Any CPU
		{B94F7FC4-77D4-079C-BA98-9A813F266DEE}.Debug|Any CPU.ActiveCfg = Debug|Any CPU
		{B94F7FC4-77D4-079C-BA98-9A813F266DEE}.Debug|Any CPU.Build.0 = Debug|Any CPU
		{B94F7FC4-77D4-079C-BA98-9A813F266DEE}.Release|Any CPU.ActiveCfg = Release|Any CPU
		{B94F7FC4-77D4-079C-BA98-9A813F266DEE}.Release|Any CPU.Build.0 = Release|Any CPU
		{B6ECFDB1-F39B-2678-330A-03B527FEC16C}.Debug|Any CPU.ActiveCfg = Debug|Any CPU
		{B6ECFDB1-F39B-2678-330A-03B527FEC16C}.Debug|Any CPU.Build.0 = Debug|Any CPU
		{B6ECFDB1-F39B-2678-330A-03B527FEC16C}.Release|Any CPU.ActiveCfg = Release|Any CPU
		{B6ECFDB1-F39B-2678-330A-03B527FEC16C}.Release|Any CPU.Build.0 = Release|Any CPU
		{92EB6859-11BF-4FCA-9892-93342033BBA1}.Debug|Any CPU.ActiveCfg = Debug|Any CPU
		{92EB6859-11BF-4FCA-9892-93342033BBA1}.Debug|Any CPU.Build.0 = Debug|Any CPU
		{92EB6859-11BF-4FCA-9892-93342033BBA1}.Release|Any CPU.ActiveCfg = Release|Any CPU
		{92EB6859-11BF-4FCA-9892-93342033BBA1}.Release|Any CPU.Build.0 = Release|Any CPU
		{AA952A72-099F-7E89-E23B-8FF6199D4C75}.Debug|Any CPU.ActiveCfg = Debug|Any CPU
		{AA952A72-099F-7E89-E23B-8FF6199D4C75}.Debug|Any CPU.Build.0 = Debug|Any CPU
		{AA952A72-099F-7E89-E23B-8FF6199D4C75}.Release|Any CPU.ActiveCfg = Release|Any CPU
		{AA952A72-099F-7E89-E23B-8FF6199D4C75}.Release|Any CPU.Build.0 = Release|Any CPU
		{DC56DC3B-B6E3-8637-BF1D-93652F99D22D}.Debug|Any CPU.ActiveCfg = Debug|Any CPU
		{DC56DC3B-B6E3-8637-BF1D-93652F99D22D}.Debug|Any CPU.Build.0 = Debug|Any CPU
		{DC56DC3B-B6E3-8637-BF1D-93652F99D22D}.Release|Any CPU.ActiveCfg = Release|Any CPU
		{DC56DC3B-B6E3-8637-BF1D-93652F99D22D}.Release|Any CPU.Build.0 = Release|Any CPU
		{1B3BDDD2-C849-1A01-DA5E-7A3567D2E60B}.Debug|Any CPU.ActiveCfg = Debug|Any CPU
		{1B3BDDD2-C849-1A01-DA5E-7A3567D2E60B}.Debug|Any CPU.Build.0 = Debug|Any CPU
		{1B3BDDD2-C849-1A01-DA5E-7A3567D2E60B}.Release|Any CPU.ActiveCfg = Release|Any CPU
		{1B3BDDD2-C849-1A01-DA5E-7A3567D2E60B}.Release|Any CPU.Build.0 = Release|Any CPU
		{D7E77FB8-8493-48DC-C425-563E7FF0F500}.Debug|Any CPU.ActiveCfg = Debug|Any CPU
		{D7E77FB8-8493-48DC-C425-563E7FF0F500}.Debug|Any CPU.Build.0 = Debug|Any CPU
		{D7E77FB8-8493-48DC-C425-563E7FF0F500}.Release|Any CPU.ActiveCfg = Release|Any CPU
		{D7E77FB8-8493-48DC-C425-563E7FF0F500}.Release|Any CPU.Build.0 = Release|Any CPU
		{EB5468C3-A6E8-7951-DC2F-8B5394C1A3C6}.Debug|Any CPU.ActiveCfg = Debug|Any CPU
		{EB5468C3-A6E8-7951-DC2F-8B5394C1A3C6}.Debug|Any CPU.Build.0 = Debug|Any CPU
		{EB5468C3-A6E8-7951-DC2F-8B5394C1A3C6}.Release|Any CPU.ActiveCfg = Release|Any CPU
		{EB5468C3-A6E8-7951-DC2F-8B5394C1A3C6}.Release|Any CPU.Build.0 = Release|Any CPU
		{BD654086-47C6-43BB-BF7F-BFD9E9D989AC}.Debug|Any CPU.ActiveCfg = Debug|Any CPU
		{BD654086-47C6-43BB-BF7F-BFD9E9D989AC}.Debug|Any CPU.Build.0 = Debug|Any CPU
		{BD654086-47C6-43BB-BF7F-BFD9E9D989AC}.Release|Any CPU.ActiveCfg = Release|Any CPU
		{BD654086-47C6-43BB-BF7F-BFD9E9D989AC}.Release|Any CPU.Build.0 = Release|Any CPU
		{70E3A5C7-1BC1-7CEF-09F9-961B36824DB2}.Debug|Any CPU.ActiveCfg = Debug|Any CPU
		{70E3A5C7-1BC1-7CEF-09F9-961B36824DB2}.Debug|Any CPU.Build.0 = Debug|Any CPU
		{70E3A5C7-1BC1-7CEF-09F9-961B36824DB2}.Release|Any CPU.ActiveCfg = Release|Any CPU
		{70E3A5C7-1BC1-7CEF-09F9-961B36824DB2}.Release|Any CPU.Build.0 = Release|Any CPU
		{05D6D1D5-13B5-5D10-F6EF-253A663745FF}.Debug|Any CPU.ActiveCfg = Debug|Any CPU
		{05D6D1D5-13B5-5D10-F6EF-253A663745FF}.Debug|Any CPU.Build.0 = Debug|Any CPU
		{05D6D1D5-13B5-5D10-F6EF-253A663745FF}.Release|Any CPU.ActiveCfg = Release|Any CPU
		{05D6D1D5-13B5-5D10-F6EF-253A663745FF}.Release|Any CPU.Build.0 = Release|Any CPU
		{06CB3E99-CB1A-06C0-13EE-4C267F13D2E8}.Debug|Any CPU.ActiveCfg = Debug|Any CPU
		{06CB3E99-CB1A-06C0-13EE-4C267F13D2E8}.Debug|Any CPU.Build.0 = Debug|Any CPU
		{06CB3E99-CB1A-06C0-13EE-4C267F13D2E8}.Release|Any CPU.ActiveCfg = Release|Any CPU
		{06CB3E99-CB1A-06C0-13EE-4C267F13D2E8}.Release|Any CPU.Build.0 = Release|Any CPU
		{178CE7E1-4F0D-617B-2103-25A00EADB581}.Debug|Any CPU.ActiveCfg = Debug|Any CPU
		{178CE7E1-4F0D-617B-2103-25A00EADB581}.Debug|Any CPU.Build.0 = Debug|Any CPU
		{178CE7E1-4F0D-617B-2103-25A00EADB581}.Release|Any CPU.ActiveCfg = Release|Any CPU
		{178CE7E1-4F0D-617B-2103-25A00EADB581}.Release|Any CPU.Build.0 = Release|Any CPU
		{5BD10D58-164E-80C0-1687-AB0E453324CC}.Debug|Any CPU.ActiveCfg = Debug|Any CPU
		{5BD10D58-164E-80C0-1687-AB0E453324CC}.Debug|Any CPU.Build.0 = Debug|Any CPU
		{5BD10D58-164E-80C0-1687-AB0E453324CC}.Release|Any CPU.ActiveCfg = Release|Any CPU
		{5BD10D58-164E-80C0-1687-AB0E453324CC}.Release|Any CPU.Build.0 = Release|Any CPU
		{3A288FD2-D4A1-D969-E4A9-08355836B5B8}.Debug|Any CPU.ActiveCfg = Debug|Any CPU
		{3A288FD2-D4A1-D969-E4A9-08355836B5B8}.Debug|Any CPU.Build.0 = Debug|Any CPU
		{3A288FD2-D4A1-D969-E4A9-08355836B5B8}.Release|Any CPU.ActiveCfg = Release|Any CPU
		{3A288FD2-D4A1-D969-E4A9-08355836B5B8}.Release|Any CPU.Build.0 = Release|Any CPU
		{56F1B001-D19C-A285-5739-11A2F75B8ADE}.Debug|Any CPU.ActiveCfg = Debug|Any CPU
		{56F1B001-D19C-A285-5739-11A2F75B8ADE}.Debug|Any CPU.Build.0 = Debug|Any CPU
		{56F1B001-D19C-A285-5739-11A2F75B8ADE}.Release|Any CPU.ActiveCfg = Release|Any CPU
		{56F1B001-D19C-A285-5739-11A2F75B8ADE}.Release|Any CPU.Build.0 = Release|Any CPU
		{5E2FEC7C-2B51-9EB3-FEF2-4026228D6AFD}.Debug|Any CPU.ActiveCfg = Debug|Any CPU
		{5E2FEC7C-2B51-9EB3-FEF2-4026228D6AFD}.Debug|Any CPU.Build.0 = Debug|Any CPU
		{5E2FEC7C-2B51-9EB3-FEF2-4026228D6AFD}.Release|Any CPU.ActiveCfg = Release|Any CPU
		{5E2FEC7C-2B51-9EB3-FEF2-4026228D6AFD}.Release|Any CPU.Build.0 = Release|Any CPU
	EndGlobalSection
	GlobalSection(SolutionProperties) = preSolution
		HideSolutionNode = FALSE
	EndGlobalSection
EndGlobal
